{
    "version": 3,
    "terraform_version": "0.11.13",
    "serial": 13,
    "lineage": "61258b31-d2e9-9ec5-c9c8-caab555a27b9",
    "modules": [
        {
            "path": [
                "root"
            ],
            "outputs": {
                "sqs_url": {
                    "sensitive": false,
                    "type": "string",
                    "value": "https://sqs.ap-southeast-1.amazonaws.com/069653090426/user-updates-queue-test1213"
                },
                "sqs_url1": {
                    "sensitive": false,
                    "type": "string",
                    "value": "https://sqs.ap-southeast-1.amazonaws.com/069653090426/terraform-example-queue"
                }
            },
            "resources": {
                "aws_cloudwatch_metric_alarm.dlq1_not_empty": {
                    "type": "aws_cloudwatch_metric_alarm",
                    "depends_on": [
                        "aws_sqs_queue.terraform_queue"
                    ],
                    "primary": {
                        "id": "terraform-example-queue_not_empty",
                        "attributes": {
                            "actions_enabled": "true",
                            "alarm_actions.#": "0",
                            "alarm_description": "",
                            "alarm_name": "terraform-example-queue_not_empty",
                            "arn": "arn:aws:cloudwatch:ap-southeast-1:069653090426:alarm:terraform-example-queue_not_empty",
                            "comparison_operator": "GreaterThanThreshold",
                            "datapoints_to_alarm": "0",
                            "dimensions.%": "1",
                            "dimensions.QueueName": "terraform-example-queue",
                            "evaluate_low_sample_count_percentiles": "",
                            "evaluation_periods": "1",
                            "extended_statistic": "",
                            "id": "terraform-example-queue_not_empty",
                            "insufficient_data_actions.#": "0",
                            "metric_name": "ApproximateNumberOfMessagesVisible",
                            "namespace": "AWS/SQS",
                            "ok_actions.#": "0",
                            "period": "1800",
                            "statistic": "Average",
                            "tags.%": "0",
                            "threshold": "0",
                            "treat_missing_data": "missing",
                            "unit": ""
                        },
                        "meta": {
                            "schema_version": "1"
                        },
                        "tainted": false
                    },
                    "deposed": [],
                    "provider": "provider.aws"
                },
                "aws_iam_policy.example_lambda": {
                    "type": "aws_iam_policy",
                    "depends_on": [
                        "data.aws_iam_policy_document.example_lambda"
                    ],
                    "primary": {
                        "id": "arn:aws:iam::069653090426:policy/terraform-20190618060522582200000004",
                        "attributes": {
                            "arn": "arn:aws:iam::069653090426:policy/terraform-20190618060522582200000004",
                            "description": "",
                            "id": "arn:aws:iam::069653090426:policy/terraform-20190618060522582200000004",
                            "name": "terraform-20190618060522582200000004",
                            "path": "/",
                            "policy": "{\n  \"Version\": \"2012-10-17\",\n  \"Statement\": [\n    {\n      \"Sid\": \"AllowSQSPermissions\",\n      \"Effect\": \"Allow\",\n      \"Action\": [\n        \"sqs:ReceiveMessage\",\n        \"sqs:GetQueueAttributes\",\n        \"sqs:DeleteMessage\",\n        \"sqs:ChangeMessageVisibility\"\n      ],\n      \"Resource\": \"arn:aws:sqs:*\"\n    },\n    {\n      \"Sid\": \"AllowInvokingLambdas\",\n      \"Effect\": \"Allow\",\n      \"Action\": \"lambda:InvokeFunction\",\n      \"Resource\": \"arn:aws:lambda:ap-southeast-1:*:function:*\"\n    },\n    {\n      \"Sid\": \"AllowCreatingLogGroups\",\n      \"Effect\": \"Allow\",\n      \"Action\": \"logs:CreateLogGroup\",\n      \"Resource\": \"arn:aws:logs:ap-southeast-1:*:*\"\n    },\n    {\n      \"Sid\": \"AllowWritingLogs\",\n      \"Effect\": \"Allow\",\n      \"Action\": [\n        \"logs:PutLogEvents\",\n        \"logs:CreateLogStream\"\n      ],\n      \"Resource\": \"arn:aws:logs:ap-southeast-1:*:log-group:/aws/lambda/*:*\"\n    }\n  ]\n}"
                        },
                        "meta": {},
                        "tainted": false
                    },
                    "deposed": [],
                    "provider": "provider.aws"
                },
                "aws_iam_policy.example_lambda1": {
                    "type": "aws_iam_policy",
                    "depends_on": [
                        "data.aws_iam_policy_document.example_lambda1"
                    ],
                    "primary": {
                        "id": "arn:aws:iam::069653090426:policy/terraform-20190618060522579400000003",
                        "attributes": {
                            "arn": "arn:aws:iam::069653090426:policy/terraform-20190618060522579400000003",
                            "description": "",
                            "id": "arn:aws:iam::069653090426:policy/terraform-20190618060522579400000003",
                            "name": "terraform-20190618060522579400000003",
                            "path": "/",
                            "policy": "{\n  \"Version\": \"2012-10-17\",\n  \"Statement\": [\n    {\n      \"Sid\": \"AllowSQSPermissions\",\n      \"Effect\": \"Allow\",\n      \"Action\": [\n        \"sqs:ReceiveMessage\",\n        \"sqs:GetQueueAttributes\",\n        \"sqs:DeleteMessage\",\n        \"sqs:ChangeMessageVisibility\"\n      ],\n      \"Resource\": \"arn:aws:sqs:*\"\n    },\n    {\n      \"Sid\": \"AllowInvokingLambdas\",\n      \"Effect\": \"Allow\",\n      \"Action\": \"lambda:InvokeFunction\",\n      \"Resource\": \"arn:aws:lambda:ap-southeast-1:*:function:*\"\n    },\n    {\n      \"Sid\": \"AllowCreatingLogGroups\",\n      \"Effect\": \"Allow\",\n      \"Action\": \"logs:CreateLogGroup\",\n      \"Resource\": \"arn:aws:logs:ap-southeast-1:*:*\"\n    },\n    {\n      \"Sid\": \"AllowWritingLogs\",\n      \"Effect\": \"Allow\",\n      \"Action\": [\n        \"logs:PutLogEvents\",\n        \"logs:CreateLogStream\"\n      ],\n      \"Resource\": \"arn:aws:logs:ap-southeast-1:*:log-group:/aws/lambda/*:*\"\n    }\n  ]\n}"
                        },
                        "meta": {},
                        "tainted": false
                    },
                    "deposed": [],
                    "provider": "provider.aws"
                },
                "aws_iam_role.example_lambda": {
                    "type": "aws_iam_role",
                    "depends_on": [],
                    "primary": {
                        "id": "terraform-20190618060522579200000001",
                        "attributes": {
                            "arn": "arn:aws:iam::069653090426:role/terraform-20190618060522579200000001",
                            "assume_role_policy": "{\"Version\":\"2012-10-17\",\"Statement\":[{\"Effect\":\"Allow\",\"Principal\":{\"Service\":\"lambda.amazonaws.com\"},\"Action\":\"sts:AssumeRole\"}]}",
                            "create_date": "2019-06-18T06:05:23Z",
                            "description": "",
                            "force_detach_policies": "false",
                            "id": "terraform-20190618060522579200000001",
                            "max_session_duration": "3600",
                            "name": "terraform-20190618060522579200000001",
                            "path": "/",
                            "tags.%": "0",
                            "unique_id": "AROARAN5F2B5IS7JZCTT6"
                        },
                        "meta": {},
                        "tainted": false
                    },
                    "deposed": [],
                    "provider": "provider.aws"
                },
                "aws_iam_role.example_lambda1": {
                    "type": "aws_iam_role",
                    "depends_on": [],
                    "primary": {
                        "id": "terraform-20190618060522579200000002",
                        "attributes": {
                            "arn": "arn:aws:iam::069653090426:role/terraform-20190618060522579200000002",
                            "assume_role_policy": "{\"Version\":\"2012-10-17\",\"Statement\":[{\"Effect\":\"Allow\",\"Principal\":{\"Service\":\"lambda.amazonaws.com\"},\"Action\":\"sts:AssumeRole\"}]}",
                            "create_date": "2019-06-18T06:05:23Z",
                            "description": "",
                            "force_detach_policies": "false",
                            "id": "terraform-20190618060522579200000002",
                            "max_session_duration": "3600",
                            "name": "terraform-20190618060522579200000002",
                            "path": "/",
                            "tags.%": "0",
                            "unique_id": "AROARAN5F2B5FCI5ASCND"
                        },
                        "meta": {},
                        "tainted": false
                    },
                    "deposed": [],
                    "provider": "provider.aws"
                },
                "aws_iam_role_policy_attachment.example_lambda": {
                    "type": "aws_iam_role_policy_attachment",
                    "depends_on": [
                        "aws_iam_policy.example_lambda",
                        "aws_iam_role.example_lambda"
                    ],
                    "primary": {
                        "id": "terraform-20190618060522579200000001-20190618060527003900000005",
                        "attributes": {
                            "id": "terraform-20190618060522579200000001-20190618060527003900000005",
                            "policy_arn": "arn:aws:iam::069653090426:policy/terraform-20190618060522582200000004",
                            "role": "terraform-20190618060522579200000001"
                        },
                        "meta": {},
                        "tainted": false
                    },
                    "deposed": [],
                    "provider": "provider.aws"
                },
                "aws_iam_role_policy_attachment.example_lambda1": {
                    "type": "aws_iam_role_policy_attachment",
                    "depends_on": [
                        "aws_iam_policy.example_lambda1",
                        "aws_iam_role.example_lambda1"
                    ],
                    "primary": {
                        "id": "terraform-20190618060522579200000002-20190618060527310000000006",
                        "attributes": {
                            "id": "terraform-20190618060522579200000002-20190618060527310000000006",
                            "policy_arn": "arn:aws:iam::069653090426:policy/terraform-20190618060522579400000003",
                            "role": "terraform-20190618060522579200000002"
                        },
                        "meta": {},
                        "tainted": false
                    },
                    "deposed": [],
                    "provider": "provider.aws"
                },
                "aws_lambda_event_source_mapping.event_source_mapping": {
                    "type": "aws_lambda_event_source_mapping",
                    "depends_on": [
                        "aws_lambda_function.example_lambda",
                        "aws_sqs_queue.user_updates_queue"
                    ],
                    "primary": {
                        "id": "cb88ddcd-3ef1-4f7e-8a30-0f6c00ab5b93",
                        "attributes": {
                            "batch_size": "1",
                            "enabled": "true",
                            "event_source_arn": "arn:aws:sqs:ap-southeast-1:069653090426:user-updates-queue-test1213",
                            "function_arn": "arn:aws:lambda:ap-southeast-1:069653090426:function:example_lambda",
                            "function_name": "arn:aws:lambda:ap-southeast-1:069653090426:function:example_lambda",
                            "id": "cb88ddcd-3ef1-4f7e-8a30-0f6c00ab5b93",
                            "last_processing_result": "",
                            "state": "Enabled",
                            "state_transition_reason": "USER_INITIATED",
                            "uuid": "cb88ddcd-3ef1-4f7e-8a30-0f6c00ab5b93"
                        },
                        "meta": {},
                        "tainted": false
                    },
                    "deposed": [],
                    "provider": "provider.aws"
                },
                "aws_lambda_event_source_mapping.event_source_mapping1": {
                    "type": "aws_lambda_event_source_mapping",
                    "depends_on": [
                        "aws_lambda_function.example_lambda1",
                        "aws_sqs_queue.terraform_queue"
                    ],
                    "primary": {
                        "id": "d0076f35-b6b9-4198-990c-5cda3a7bc274",
                        "attributes": {
                            "batch_size": "1",
                            "enabled": "true",
                            "event_source_arn": "arn:aws:sqs:ap-southeast-1:069653090426:terraform-example-queue",
                            "function_arn": "arn:aws:lambda:ap-southeast-1:069653090426:function:example_lambda1",
                            "function_name": "arn:aws:lambda:ap-southeast-1:069653090426:function:example_lambda1",
                            "id": "d0076f35-b6b9-4198-990c-5cda3a7bc274",
                            "last_processing_result": "",
                            "state": "Enabled",
                            "state_transition_reason": "USER_INITIATED",
                            "uuid": "d0076f35-b6b9-4198-990c-5cda3a7bc274"
                        },
                        "meta": {},
                        "tainted": false
                    },
                    "deposed": [],
                    "provider": "provider.aws"
                },
                "aws_lambda_function.example_lambda": {
                    "type": "aws_lambda_function",
                    "depends_on": [
                        "aws_iam_role.example_lambda",
                        "data.archive_file.example_lambda"
                    ],
                    "primary": {
                        "id": "example_lambda",
                        "attributes": {
                            "arn": "arn:aws:lambda:ap-southeast-1:069653090426:function:example_lambda",
                            "dead_letter_config.#": "0",
                            "description": "",
                            "environment.#": "0",
                            "filename": "/home/tricon/Documents/asha/aws-terraform-poc/MyPOC_SQS_SNS_Lambda/example_lambda.js.zip",
                            "function_name": "example_lambda",
                            "handler": "example_lambda.handler",
                            "id": "example_lambda",
                            "invoke_arn": "arn:aws:apigateway:ap-southeast-1:lambda:path/2015-03-31/functions/arn:aws:lambda:ap-southeast-1:069653090426:function:example_lambda/invocations",
                            "kms_key_arn": "",
                            "last_modified": "2019-06-18T06:05:44.168+0000",
                            "layers.#": "0",
                            "memory_size": "128",
                            "publish": "false",
                            "qualified_arn": "arn:aws:lambda:ap-southeast-1:069653090426:function:example_lambda:$LATEST",
                            "reserved_concurrent_executions": "-1",
                            "role": "arn:aws:iam::069653090426:role/terraform-20190618060522579200000001",
                            "runtime": "nodejs8.10",
                            "source_code_hash": "gOobFFYk6lpeGY3T4IuwD7jjSl7DC5HA/uIewYMY2uk=",
                            "source_code_size": "273",
                            "tags.%": "0",
                            "timeout": "30",
                            "tracing_config.#": "1",
                            "tracing_config.0.mode": "PassThrough",
                            "version": "$LATEST",
                            "vpc_config.#": "0"
                        },
                        "meta": {
                            "e2bfb730-ecaa-11e6-8f88-34363bc7c4c0": {
                                "create": 600000000000
                            }
                        },
                        "tainted": false
                    },
                    "deposed": [],
                    "provider": "provider.aws"
                },
                "aws_lambda_function.example_lambda1": {
                    "type": "aws_lambda_function",
                    "depends_on": [
                        "aws_iam_role.example_lambda1",
                        "data.archive_file.example_lambda1"
                    ],
                    "primary": {
                        "id": "example_lambda1",
                        "attributes": {
                            "arn": "arn:aws:lambda:ap-southeast-1:069653090426:function:example_lambda1",
                            "dead_letter_config.#": "0",
                            "description": "",
                            "environment.#": "0",
                            "filename": "/home/tricon/Documents/asha/aws-terraform-poc/MyPOC_SQS_SNS_Lambda/example_lambda1.js.zip",
                            "function_name": "example_lambda1",
                            "handler": "example_lambda1.handler",
                            "id": "example_lambda1",
                            "invoke_arn": "arn:aws:apigateway:ap-southeast-1:lambda:path/2015-03-31/functions/arn:aws:lambda:ap-southeast-1:069653090426:function:example_lambda1/invocations",
                            "kms_key_arn": "",
                            "last_modified": "2019-06-18T06:05:42.870+0000",
                            "layers.#": "0",
                            "memory_size": "128",
                            "publish": "false",
                            "qualified_arn": "arn:aws:lambda:ap-southeast-1:069653090426:function:example_lambda1:$LATEST",
                            "reserved_concurrent_executions": "-1",
                            "role": "arn:aws:iam::069653090426:role/terraform-20190618060522579200000002",
                            "runtime": "nodejs8.10",
                            "source_code_hash": "cjsXpCqRALz45SmnKbmMitGPSHl+lC/CF/NjHeKEc2w=",
                            "source_code_size": "277",
                            "tags.%": "0",
                            "timeout": "30",
                            "tracing_config.#": "1",
                            "tracing_config.0.mode": "PassThrough",
                            "version": "$LATEST",
                            "vpc_config.#": "0"
                        },
                        "meta": {
                            "e2bfb730-ecaa-11e6-8f88-34363bc7c4c0": {
                                "create": 600000000000
                            }
                        },
                        "tainted": false
                    },
                    "deposed": [],
                    "provider": "provider.aws"
                },
                "aws_s3_bucket.upload_him": {
                    "type": "aws_s3_bucket",
                    "depends_on": [],
                    "primary": {
                        "id": "sns-sqs-upload-bucket-test1234",
                        "attributes": {
                            "acceleration_status": "",
                            "acl": "public-read",
                            "arn": "arn:aws:s3:::sns-sqs-upload-bucket-test1234",
                            "bucket": "sns-sqs-upload-bucket-test1234",
                            "bucket_domain_name": "sns-sqs-upload-bucket-test1234.s3.amazonaws.com",
                            "bucket_regional_domain_name": "sns-sqs-upload-bucket-test1234.s3.ap-southeast-1.amazonaws.com",
                            "cors_rule.#": "0",
                            "force_destroy": "true",
                            "hosted_zone_id": "Z3O0J2DXBE1FTB",
                            "id": "sns-sqs-upload-bucket-test1234",
                            "lifecycle_rule.#": "0",
                            "logging.#": "0",
                            "object_lock_configuration.#": "0",
                            "region": "ap-southeast-1",
                            "replication_configuration.#": "0",
                            "request_payer": "BucketOwner",
                            "server_side_encryption_configuration.#": "0",
                            "tags.%": "0",
                            "versioning.#": "1",
                            "versioning.0.enabled": "false",
                            "versioning.0.mfa_delete": "false",
                            "website.#": "0"
                        },
                        "meta": {},
                        "tainted": false
                    },
                    "deposed": [],
                    "provider": "provider.aws"
                },
                "aws_s3_bucket_notification.bucket_notification": {
                    "type": "aws_s3_bucket_notification",
                    "depends_on": [
                        "aws_s3_bucket.upload_him",
                        "aws_sns_topic.topic"
                    ],
                    "primary": {
                        "id": "sns-sqs-upload-bucket-test1234",
                        "attributes": {
                            "bucket": "sns-sqs-upload-bucket-test1234",
                            "id": "sns-sqs-upload-bucket-test1234",
                            "lambda_function.#": "0",
                            "queue.#": "0",
                            "topic.#": "1",
                            "topic.0.events.#": "1",
                            "topic.0.events.3356830603": "s3:ObjectCreated:*",
                            "topic.0.filter_prefix": "",
                            "topic.0.filter_suffix": ".jpeg",
                            "topic.0.id": "tf-s3-topic-20190618061144249900000001",
                            "topic.0.topic_arn": "arn:aws:sns:ap-southeast-1:069653090426:s3-event-notification-topic-123"
                        },
                        "meta": {},
                        "tainted": false
                    },
                    "deposed": [],
                    "provider": "provider.aws"
                },
                "aws_sns_topic.topic": {
                    "type": "aws_sns_topic",
                    "depends_on": [
                        "aws_s3_bucket.upload_him"
                    ],
                    "primary": {
                        "id": "arn:aws:sns:ap-southeast-1:069653090426:s3-event-notification-topic-123",
                        "attributes": {
                            "application_failure_feedback_role_arn": "",
                            "application_success_feedback_role_arn": "",
                            "application_success_feedback_sample_rate": "0",
                            "arn": "arn:aws:sns:ap-southeast-1:069653090426:s3-event-notification-topic-123",
                            "delivery_policy": "",
                            "display_name": "",
                            "http_failure_feedback_role_arn": "",
                            "http_success_feedback_role_arn": "",
                            "http_success_feedback_sample_rate": "0",
                            "id": "arn:aws:sns:ap-southeast-1:069653090426:s3-event-notification-topic-123",
                            "kms_master_key_id": "",
                            "lambda_failure_feedback_role_arn": "",
                            "lambda_success_feedback_role_arn": "",
                            "lambda_success_feedback_sample_rate": "0",
                            "name": "s3-event-notification-topic-123",
                            "policy": "{\"Version\":\"2012-10-17\",\"Statement\":[{\"Effect\":\"Allow\",\"Principal\":{\"AWS\":\"*\"},\"Action\":\"SNS:Publish\",\"Resource\":\"arn:aws:sns:*:*:s3-event-notification-topic-123\",\"Condition\":{\"ArnLike\":{\"aws:SourceArn\":\"arn:aws:s3:::sns-sqs-upload-bucket-test1234\"}}}]}",
                            "sqs_failure_feedback_role_arn": "",
                            "sqs_success_feedback_role_arn": "",
                            "sqs_success_feedback_sample_rate": "0"
                        },
                        "meta": {},
                        "tainted": false
                    },
                    "deposed": [],
                    "provider": "provider.aws"
                },
                "aws_sns_topic.user_updates": {
                    "type": "aws_sns_topic",
                    "depends_on": [],
                    "primary": {
                        "id": "arn:aws:sns:ap-southeast-1:069653090426:user-updates-topic-test123",
                        "attributes": {
                            "application_failure_feedback_role_arn": "",
                            "application_success_feedback_role_arn": "",
                            "application_success_feedback_sample_rate": "0",
                            "arn": "arn:aws:sns:ap-southeast-1:069653090426:user-updates-topic-test123",
                            "delivery_policy": "",
                            "display_name": "",
                            "http_failure_feedback_role_arn": "",
                            "http_success_feedback_role_arn": "",
                            "http_success_feedback_sample_rate": "0",
                            "id": "arn:aws:sns:ap-southeast-1:069653090426:user-updates-topic-test123",
                            "kms_master_key_id": "",
                            "lambda_failure_feedback_role_arn": "",
                            "lambda_success_feedback_role_arn": "",
                            "lambda_success_feedback_sample_rate": "0",
                            "name": "user-updates-topic-test123",
                            "policy": "{\"Version\":\"2008-10-17\",\"Id\":\"__default_policy_ID\",\"Statement\":[{\"Sid\":\"__default_statement_ID\",\"Effect\":\"Allow\",\"Principal\":{\"AWS\":\"*\"},\"Action\":[\"SNS:GetTopicAttributes\",\"SNS:SetTopicAttributes\",\"SNS:AddPermission\",\"SNS:RemovePermission\",\"SNS:DeleteTopic\",\"SNS:Subscribe\",\"SNS:ListSubscriptionsByTopic\",\"SNS:Publish\",\"SNS:Receive\"],\"Resource\":\"arn:aws:sns:ap-southeast-1:069653090426:user-updates-topic-test123\",\"Condition\":{\"StringEquals\":{\"AWS:SourceOwner\":\"069653090426\"}}}]}",
                            "sqs_failure_feedback_role_arn": "",
                            "sqs_success_feedback_role_arn": "",
                            "sqs_success_feedback_sample_rate": "0"
                        },
                        "meta": {},
                        "tainted": false
                    },
                    "deposed": [],
                    "provider": "provider.aws"
                },
                "aws_sqs_queue.terraform_queue": {
                    "type": "aws_sqs_queue",
                    "depends_on": [
                        "aws_sqs_queue.user_updates_queue"
                    ],
                    "primary": {
                        "id": "https://sqs.ap-southeast-1.amazonaws.com/069653090426/terraform-example-queue",
                        "attributes": {
                            "arn": "arn:aws:sqs:ap-southeast-1:069653090426:terraform-example-queue",
                            "content_based_deduplication": "false",
                            "delay_seconds": "90",
                            "fifo_queue": "false",
                            "id": "https://sqs.ap-southeast-1.amazonaws.com/069653090426/terraform-example-queue",
                            "kms_data_key_reuse_period_seconds": "300",
                            "kms_master_key_id": "",
                            "max_message_size": "2048",
                            "message_retention_seconds": "86400",
                            "name": "terraform-example-queue",
                            "policy": "",
                            "receive_wait_time_seconds": "10",
                            "redrive_policy": "{\"deadLetterTargetArn\":\"arn:aws:sqs:ap-southeast-1:069653090426:user-updates-queue-test1213\",\"maxReceiveCount\":4}",
                            "tags.%": "0",
                            "visibility_timeout_seconds": "30"
                        },
                        "meta": {},
                        "tainted": false
                    },
                    "deposed": [],
                    "provider": "provider.aws"
                },
                "aws_sqs_queue.terraform_queue1": {
                    "type": "aws_sqs_queue",
                    "depends_on": [
                        "aws_sqs_queue.terraform_queue"
                    ],
                    "primary": {
                        "id": "https://sqs.ap-southeast-1.amazonaws.com/069653090426/terraform-example-queue1",
                        "attributes": {
                            "arn": "arn:aws:sqs:ap-southeast-1:069653090426:terraform-example-queue1",
                            "content_based_deduplication": "false",
                            "delay_seconds": "90",
                            "fifo_queue": "false",
                            "id": "https://sqs.ap-southeast-1.amazonaws.com/069653090426/terraform-example-queue1",
                            "kms_data_key_reuse_period_seconds": "300",
                            "kms_master_key_id": "",
                            "max_message_size": "2048",
                            "message_retention_seconds": "86400",
                            "name": "terraform-example-queue1",
                            "policy": "",
                            "receive_wait_time_seconds": "10",
                            "redrive_policy": "{\"deadLetterTargetArn\":\"arn:aws:sqs:ap-southeast-1:069653090426:terraform-example-queue\",\"maxReceiveCount\":4}",
                            "tags.%": "0",
                            "visibility_timeout_seconds": "30"
                        },
                        "meta": {},
                        "tainted": false
                    },
                    "deposed": [],
                    "provider": "provider.aws"
                },
                "aws_sqs_queue.user_updates_queue": {
                    "type": "aws_sqs_queue",
                    "depends_on": [],
                    "primary": {
                        "id": "https://sqs.ap-southeast-1.amazonaws.com/069653090426/user-updates-queue-test1213",
                        "attributes": {
                            "arn": "arn:aws:sqs:ap-southeast-1:069653090426:user-updates-queue-test1213",
                            "content_based_deduplication": "false",
                            "delay_seconds": "0",
                            "fifo_queue": "false",
                            "id": "https://sqs.ap-southeast-1.amazonaws.com/069653090426/user-updates-queue-test1213",
                            "kms_data_key_reuse_period_seconds": "300",
                            "kms_master_key_id": "",
                            "max_message_size": "262144",
                            "message_retention_seconds": "345600",
                            "name": "user-updates-queue-test1213",
                            "policy": "{\"Version\":\"2012-10-17\",\"Id\":\"snssqssqs\",\"Statement\":[{\"Sid\":\"snssqssqssns\",\"Effect\":\"Allow\",\"Principal\":{\"AWS\":\"*\"},\"Action\":\"sqs:SendMessage\",\"Resource\":\"arn:aws:sqs:ap-southeast-1:069653090426:user-updates-queue-test1213\",\"Condition\":{\"ArnEquals\":{\"aws:SourceArn\":\"arn:aws:sns:ap-southeast-1:069653090426:user-updates-topic-test123\"}}}]}",
                            "receive_wait_time_seconds": "0",
                            "redrive_policy": "",
                            "tags.%": "0",
                            "visibility_timeout_seconds": "30"
                        },
                        "meta": {},
                        "tainted": false
                    },
                    "deposed": [],
                    "provider": "provider.aws"
                },
                "aws_sqs_queue_policy.test": {
                    "type": "aws_sqs_queue_policy",
                    "depends_on": [
                        "aws_sqs_queue.user_updates_queue",
                        "data.aws_iam_policy_document.sqs_upload"
                    ],
                    "primary": {
                        "id": "https://sqs.ap-southeast-1.amazonaws.com/069653090426/user-updates-queue-test1213",
                        "attributes": {
                            "id": "https://sqs.ap-southeast-1.amazonaws.com/069653090426/user-updates-queue-test1213",
                            "policy": "{\"Version\":\"2012-10-17\",\"Id\":\"snssqssqs\",\"Statement\":[{\"Sid\":\"snssqssqssns\",\"Effect\":\"Allow\",\"Principal\":{\"AWS\":\"*\"},\"Action\":\"sqs:SendMessage\",\"Resource\":\"arn:aws:sqs:ap-southeast-1:069653090426:user-updates-queue-test1213\",\"Condition\":{\"ArnEquals\":{\"aws:SourceArn\":\"arn:aws:sns:ap-southeast-1:069653090426:user-updates-topic-test123\"}}}]}",
                            "queue_url": "https://sqs.ap-southeast-1.amazonaws.com/069653090426/user-updates-queue-test1213"
                        },
                        "meta": {
                            "schema_version": "1"
                        },
                        "tainted": false
                    },
                    "deposed": [],
                    "provider": "provider.aws"
                },
                "data.archive_file.example_lambda": {
                    "type": "archive_file",
                    "depends_on": [],
                    "primary": {
                        "id": "51c9610218414f03a7f7a5752569b78e638ae952",
                        "attributes": {
                            "id": "51c9610218414f03a7f7a5752569b78e638ae952",
                            "output_base64sha256": "gOobFFYk6lpeGY3T4IuwD7jjSl7DC5HA/uIewYMY2uk=",
                            "output_md5": "2603ebf24fcf7e6b032ba4ab8ec19a4a",
                            "output_path": "/home/tricon/Documents/asha/aws-terraform-poc/MyPOC_SQS_SNS_Lambda/example_lambda.js.zip",
                            "output_sha": "51c9610218414f03a7f7a5752569b78e638ae952",
                            "output_size": "273",
                            "source.#": "0",
                            "source_file": "/home/tricon/Documents/asha/aws-terraform-poc/MyPOC_SQS_SNS_Lambda/example_lambda.js",
                            "type": "zip"
                        },
                        "meta": {},
                        "tainted": false
                    },
                    "deposed": [],
                    "provider": "provider.archive"
                },
                "data.archive_file.example_lambda1": {
                    "type": "archive_file",
                    "depends_on": [],
                    "primary": {
                        "id": "1bdd4bc7f3e89505cf33d837cf7ec05ca7c982c5",
                        "attributes": {
                            "id": "1bdd4bc7f3e89505cf33d837cf7ec05ca7c982c5",
                            "output_base64sha256": "cjsXpCqRALz45SmnKbmMitGPSHl+lC/CF/NjHeKEc2w=",
                            "output_md5": "41c1d253c75fbdd221b13a7e566004e4",
                            "output_path": "/home/tricon/Documents/asha/aws-terraform-poc/MyPOC_SQS_SNS_Lambda/example_lambda1.js.zip",
                            "output_sha": "1bdd4bc7f3e89505cf33d837cf7ec05ca7c982c5",
                            "output_size": "277",
                            "source.#": "0",
                            "source_file": "/home/tricon/Documents/asha/aws-terraform-poc/MyPOC_SQS_SNS_Lambda/example_lambda1.js",
                            "type": "zip"
                        },
                        "meta": {},
                        "tainted": false
                    },
                    "deposed": [],
                    "provider": "provider.archive"
                },
                "data.aws_iam_policy_document.example_lambda": {
                    "type": "aws_iam_policy_document",
                    "depends_on": [],
                    "primary": {
                        "id": "2225346970",
                        "attributes": {
                            "id": "2225346970",
                            "json": "{\n  \"Version\": \"2012-10-17\",\n  \"Statement\": [\n    {\n      \"Sid\": \"AllowSQSPermissions\",\n      \"Effect\": \"Allow\",\n      \"Action\": [\n        \"sqs:ReceiveMessage\",\n        \"sqs:GetQueueAttributes\",\n        \"sqs:DeleteMessage\",\n        \"sqs:ChangeMessageVisibility\"\n      ],\n      \"Resource\": \"arn:aws:sqs:*\"\n    },\n    {\n      \"Sid\": \"AllowInvokingLambdas\",\n      \"Effect\": \"Allow\",\n      \"Action\": \"lambda:InvokeFunction\",\n      \"Resource\": \"arn:aws:lambda:ap-southeast-1:*:function:*\"\n    },\n    {\n      \"Sid\": \"AllowCreatingLogGroups\",\n      \"Effect\": \"Allow\",\n      \"Action\": \"logs:CreateLogGroup\",\n      \"Resource\": \"arn:aws:logs:ap-southeast-1:*:*\"\n    },\n    {\n      \"Sid\": \"AllowWritingLogs\",\n      \"Effect\": \"Allow\",\n      \"Action\": [\n        \"logs:PutLogEvents\",\n        \"logs:CreateLogStream\"\n      ],\n      \"Resource\": \"arn:aws:logs:ap-southeast-1:*:log-group:/aws/lambda/*:*\"\n    }\n  ]\n}",
                            "statement.#": "4",
                            "statement.0.actions.#": "4",
                            "statement.0.actions.1811208493": "sqs:DeleteMessage",
                            "statement.0.actions.2177453935": "sqs:GetQueueAttributes",
                            "statement.0.actions.3253554316": "sqs:ReceiveMessage",
                            "statement.0.actions.3755142398": "sqs:ChangeMessageVisibility",
                            "statement.0.condition.#": "0",
                            "statement.0.effect": "Allow",
                            "statement.0.not_actions.#": "0",
                            "statement.0.not_principals.#": "0",
                            "statement.0.not_resources.#": "0",
                            "statement.0.principals.#": "0",
                            "statement.0.resources.#": "1",
                            "statement.0.resources.1381901260": "arn:aws:sqs:*",
                            "statement.0.sid": "AllowSQSPermissions",
                            "statement.1.actions.#": "1",
                            "statement.1.actions.3363766922": "lambda:InvokeFunction",
                            "statement.1.condition.#": "0",
                            "statement.1.effect": "Allow",
                            "statement.1.not_actions.#": "0",
                            "statement.1.not_principals.#": "0",
                            "statement.1.not_resources.#": "0",
                            "statement.1.principals.#": "0",
                            "statement.1.resources.#": "1",
                            "statement.1.resources.1984544203": "arn:aws:lambda:ap-southeast-1:*:function:*",
                            "statement.1.sid": "AllowInvokingLambdas",
                            "statement.2.actions.#": "1",
                            "statement.2.actions.2809485102": "logs:CreateLogGroup",
                            "statement.2.condition.#": "0",
                            "statement.2.effect": "Allow",
                            "statement.2.not_actions.#": "0",
                            "statement.2.not_principals.#": "0",
                            "statement.2.not_resources.#": "0",
                            "statement.2.principals.#": "0",
                            "statement.2.resources.#": "1",
                            "statement.2.resources.3077496495": "arn:aws:logs:ap-southeast-1:*:*",
                            "statement.2.sid": "AllowCreatingLogGroups",
                            "statement.3.actions.#": "2",
                            "statement.3.actions.3285979848": "logs:CreateLogStream",
                            "statement.3.actions.39743051": "logs:PutLogEvents",
                            "statement.3.condition.#": "0",
                            "statement.3.effect": "Allow",
                            "statement.3.not_actions.#": "0",
                            "statement.3.not_principals.#": "0",
                            "statement.3.not_resources.#": "0",
                            "statement.3.principals.#": "0",
                            "statement.3.resources.#": "1",
                            "statement.3.resources.2894469077": "arn:aws:logs:ap-southeast-1:*:log-group:/aws/lambda/*:*",
                            "statement.3.sid": "AllowWritingLogs",
                            "version": "2012-10-17"
                        },
                        "meta": {},
                        "tainted": false
                    },
                    "deposed": [],
                    "provider": "provider.aws"
                },
                "data.aws_iam_policy_document.example_lambda1": {
                    "type": "aws_iam_policy_document",
                    "depends_on": [],
                    "primary": {
                        "id": "2225346970",
                        "attributes": {
                            "id": "2225346970",
                            "json": "{\n  \"Version\": \"2012-10-17\",\n  \"Statement\": [\n    {\n      \"Sid\": \"AllowSQSPermissions\",\n      \"Effect\": \"Allow\",\n      \"Action\": [\n        \"sqs:ReceiveMessage\",\n        \"sqs:GetQueueAttributes\",\n        \"sqs:DeleteMessage\",\n        \"sqs:ChangeMessageVisibility\"\n      ],\n      \"Resource\": \"arn:aws:sqs:*\"\n    },\n    {\n      \"Sid\": \"AllowInvokingLambdas\",\n      \"Effect\": \"Allow\",\n      \"Action\": \"lambda:InvokeFunction\",\n      \"Resource\": \"arn:aws:lambda:ap-southeast-1:*:function:*\"\n    },\n    {\n      \"Sid\": \"AllowCreatingLogGroups\",\n      \"Effect\": \"Allow\",\n      \"Action\": \"logs:CreateLogGroup\",\n      \"Resource\": \"arn:aws:logs:ap-southeast-1:*:*\"\n    },\n    {\n      \"Sid\": \"AllowWritingLogs\",\n      \"Effect\": \"Allow\",\n      \"Action\": [\n        \"logs:PutLogEvents\",\n        \"logs:CreateLogStream\"\n      ],\n      \"Resource\": \"arn:aws:logs:ap-southeast-1:*:log-group:/aws/lambda/*:*\"\n    }\n  ]\n}",
                            "statement.#": "4",
                            "statement.0.actions.#": "4",
                            "statement.0.actions.1811208493": "sqs:DeleteMessage",
                            "statement.0.actions.2177453935": "sqs:GetQueueAttributes",
                            "statement.0.actions.3253554316": "sqs:ReceiveMessage",
                            "statement.0.actions.3755142398": "sqs:ChangeMessageVisibility",
                            "statement.0.condition.#": "0",
                            "statement.0.effect": "Allow",
                            "statement.0.not_actions.#": "0",
                            "statement.0.not_principals.#": "0",
                            "statement.0.not_resources.#": "0",
                            "statement.0.principals.#": "0",
                            "statement.0.resources.#": "1",
                            "statement.0.resources.1381901260": "arn:aws:sqs:*",
                            "statement.0.sid": "AllowSQSPermissions",
                            "statement.1.actions.#": "1",
                            "statement.1.actions.3363766922": "lambda:InvokeFunction",
                            "statement.1.condition.#": "0",
                            "statement.1.effect": "Allow",
                            "statement.1.not_actions.#": "0",
                            "statement.1.not_principals.#": "0",
                            "statement.1.not_resources.#": "0",
                            "statement.1.principals.#": "0",
                            "statement.1.resources.#": "1",
                            "statement.1.resources.1984544203": "arn:aws:lambda:ap-southeast-1:*:function:*",
                            "statement.1.sid": "AllowInvokingLambdas",
                            "statement.2.actions.#": "1",
                            "statement.2.actions.2809485102": "logs:CreateLogGroup",
                            "statement.2.condition.#": "0",
                            "statement.2.effect": "Allow",
                            "statement.2.not_actions.#": "0",
                            "statement.2.not_principals.#": "0",
                            "statement.2.not_resources.#": "0",
                            "statement.2.principals.#": "0",
                            "statement.2.resources.#": "1",
                            "statement.2.resources.3077496495": "arn:aws:logs:ap-southeast-1:*:*",
                            "statement.2.sid": "AllowCreatingLogGroups",
                            "statement.3.actions.#": "2",
                            "statement.3.actions.3285979848": "logs:CreateLogStream",
                            "statement.3.actions.39743051": "logs:PutLogEvents",
                            "statement.3.condition.#": "0",
                            "statement.3.effect": "Allow",
                            "statement.3.not_actions.#": "0",
                            "statement.3.not_principals.#": "0",
                            "statement.3.not_resources.#": "0",
                            "statement.3.principals.#": "0",
                            "statement.3.resources.#": "1",
                            "statement.3.resources.2894469077": "arn:aws:logs:ap-southeast-1:*:log-group:/aws/lambda/*:*",
                            "statement.3.sid": "AllowWritingLogs",
                            "version": "2012-10-17"
                        },
                        "meta": {},
                        "tainted": false
                    },
                    "deposed": [],
                    "provider": "provider.aws"
                },
                "data.aws_iam_policy_document.sqs_upload": {
                    "type": "aws_iam_policy_document",
                    "depends_on": [
                        "aws_sns_topic.user_updates",
                        "aws_sqs_queue.user_updates_queue"
                    ],
                    "primary": {
                        "id": "4090989904",
                        "attributes": {
                            "id": "4090989904",
                            "json": "{\n  \"Version\": \"2012-10-17\",\n  \"Id\": \"snssqssqs\",\n  \"Statement\": [\n    {\n      \"Sid\": \"snssqssqssns\",\n      \"Effect\": \"Allow\",\n      \"Action\": \"sqs:SendMessage\",\n      \"Resource\": \"arn:aws:sqs:ap-southeast-1:069653090426:user-updates-queue-test1213\",\n      \"Principal\": {\n        \"AWS\": \"*\"\n      },\n      \"Condition\": {\n        \"ArnEquals\": {\n          \"aws:SourceArn\": \"arn:aws:sns:ap-southeast-1:069653090426:user-updates-topic-test123\"\n        }\n      }\n    }\n  ]\n}",
                            "policy_id": "snssqssqs",
                            "statement.#": "1",
                            "statement.0.actions.#": "1",
                            "statement.0.actions.2500619403": "sqs:SendMessage",
                            "statement.0.condition.#": "1",
                            "statement.0.condition.1434268300.test": "ArnEquals",
                            "statement.0.condition.1434268300.values.#": "1",
                            "statement.0.condition.1434268300.values.2942133678": "arn:aws:sns:ap-southeast-1:069653090426:user-updates-topic-test123",
                            "statement.0.condition.1434268300.variable": "aws:SourceArn",
                            "statement.0.effect": "Allow",
                            "statement.0.not_actions.#": "0",
                            "statement.0.not_principals.#": "0",
                            "statement.0.not_resources.#": "0",
                            "statement.0.principals.#": "1",
                            "statement.0.principals.636693895.identifiers.#": "1",
                            "statement.0.principals.636693895.identifiers.2679715827": "*",
                            "statement.0.principals.636693895.type": "AWS",
                            "statement.0.resources.#": "1",
                            "statement.0.resources.1299894279": "arn:aws:sqs:ap-southeast-1:069653090426:user-updates-queue-test1213",
                            "statement.0.sid": "snssqssqssns",
                            "version": "2012-10-17"
                        },
                        "meta": {},
                        "tainted": false
                    },
                    "deposed": [],
                    "provider": "provider.aws"
                }
            },
            "depends_on": []
        }
    ]
}
