{
    "version": 3,
    "terraform_version": "0.11.13",
    "serial": 40,
    "lineage": "6ad46729-53d7-3401-2de5-53275d9ae1d3",
    "modules": [
        {
            "path": [
                "root"
            ],
            "outputs": {
                "url": {
                    "sensitive": false,
                    "type": "string",
                    "value": "http://docker-demo-elb-167769504.us-east-1.elb.amazonaws.com/"
                }
            },
            "resources": {
                "aws_autoscaling_attachment.demo_asg_attachment": {
                    "type": "aws_autoscaling_attachment",
                    "depends_on": [
                        "aws_autoscaling_group.docker_demo_asg"
                    ],
                    "primary": {
                        "id": "docker-demo-autoscaling-group-20190426090518467200000003",
                        "attributes": {
                            "autoscaling_group_name": "docker-demo-autoscaling-group",
                            "id": "docker-demo-autoscaling-group-20190426090518467200000003"
                        },
                        "meta": {},
                        "tainted": false
                    },
                    "deposed": [],
                    "provider": "provider.aws"
                },
                "aws_autoscaling_group.docker_demo_asg": {
                    "type": "aws_autoscaling_group",
                    "depends_on": [
                        "aws_launch_configuration.demo",
                        "aws_subnet.private.*"
                    ],
                    "primary": {
                        "id": "docker-demo-autoscaling-group",
                        "attributes": {
                            "arn": "arn:aws:autoscaling:us-east-1:826858768566:autoScalingGroup:87072693-d17e-4714-8165-cbc5f90efc35:autoScalingGroupName/docker-demo-autoscaling-group",
                            "availability_zones.#": "3",
                            "availability_zones.1305112097": "us-east-1b",
                            "availability_zones.3569565595": "us-east-1a",
                            "availability_zones.986537655": "us-east-1c",
                            "default_cooldown": "300",
                            "desired_capacity": "3",
                            "enabled_metrics.#": "0",
                            "force_delete": "false",
                            "health_check_grace_period": "300",
                            "health_check_type": "ELB",
                            "id": "docker-demo-autoscaling-group",
                            "launch_configuration": "terraform-20190426090359489600000002",
                            "launch_template.#": "0",
                            "load_balancers.#": "0",
                            "max_size": "6",
                            "metrics_granularity": "1Minute",
                            "min_size": "1",
                            "mixed_instances_policy.#": "0",
                            "name": "docker-demo-autoscaling-group",
                            "placement_group": "",
                            "protect_from_scale_in": "false",
                            "service_linked_role_arn": "arn:aws:iam::826858768566:role/aws-service-role/autoscaling.amazonaws.com/AWSServiceRoleForAutoScaling",
                            "suspended_processes.#": "0",
                            "tag.#": "1",
                            "tag.3888338585.key": "Name",
                            "tag.3888338585.propagate_at_launch": "true",
                            "tag.3888338585.value": "docker-demo-asg",
                            "target_group_arns.#": "0",
                            "termination_policies.#": "0",
                            "vpc_zone_identifier.#": "3",
                            "vpc_zone_identifier.1040252156": "subnet-08d68474574040873",
                            "vpc_zone_identifier.1897638678": "subnet-0662add0d1aeedc58",
                            "vpc_zone_identifier.3622340141": "subnet-0e68d3d3989e30329",
                            "wait_for_capacity_timeout": "10m"
                        },
                        "meta": {
                            "e2bfb730-ecaa-11e6-8f88-34363bc7c4c0": {
                                "delete": 600000000000
                            }
                        },
                        "tainted": false
                    },
                    "deposed": [],
                    "provider": "provider.aws"
                },
                "aws_db_instance.leader": {
                    "type": "aws_db_instance",
                    "depends_on": [
                        "aws_db_subnet_group.rds_subnet_group",
                        "aws_security_group.rds_sg"
                    ],
                    "primary": {
                        "id": "terraform-20190426090358451500000001",
                        "attributes": {
                            "address": "terraform-20190426090358451500000001.c5ldxotdrz9t.us-east-1.rds.amazonaws.com",
                            "allocated_storage": "5",
                            "allow_major_version_upgrade": "false",
                            "apply_immediately": "false",
                            "arn": "arn:aws:rds:us-east-1:826858768566:db:terraform-20190426090358451500000001",
                            "auto_minor_version_upgrade": "false",
                            "availability_zone": "us-east-1c",
                            "backup_retention_period": "7",
                            "backup_window": "05:31-06:01",
                            "ca_cert_identifier": "rds-ca-2015",
                            "copy_tags_to_snapshot": "false",
                            "db_subnet_group_name": "rds-subnet-group",
                            "deletion_protection": "false",
                            "domain": "",
                            "domain_iam_role_name": "",
                            "enabled_cloudwatch_logs_exports.#": "0",
                            "endpoint": "terraform-20190426090358451500000001.c5ldxotdrz9t.us-east-1.rds.amazonaws.com:5432",
                            "engine": "postgres",
                            "engine_version": "9.5.4",
                            "hosted_zone_id": "Z2R2ITUGPM61AM",
                            "iam_database_authentication_enabled": "false",
                            "id": "terraform-20190426090358451500000001",
                            "identifier": "terraform-20190426090358451500000001",
                            "instance_class": "db.m3.medium",
                            "iops": "0",
                            "kms_key_id": "arn:aws:kms:us-east-1:826858768566:key/d031a133-ae30-4c50-916a-18fc8046af89",
                            "license_model": "postgresql-license",
                            "maintenance_window": "thu:07:38-thu:08:08",
                            "monitoring_interval": "0",
                            "multi_az": "true",
                            "name": "testdb",
                            "option_group_name": "default:postgres-9-5",
                            "parameter_group_name": "default.postgres9.5",
                            "password": "Password123",
                            "port": "5432",
                            "publicly_accessible": "true",
                            "replicas.#": "0",
                            "replicate_source_db": "",
                            "resource_id": "db-LRDKWEDX2UKWFNEZCSBELA6ZSU",
                            "security_group_names.#": "0",
                            "skip_final_snapshot": "true",
                            "status": "available",
                            "storage_encrypted": "true",
                            "storage_type": "gp2",
                            "tags.%": "1",
                            "tags.Creator": "terraform",
                            "timezone": "",
                            "username": "testdbadmin",
                            "vpc_security_group_ids.#": "1",
                            "vpc_security_group_ids.850890695": "sg-09bb5b8fd9f98d354"
                        },
                        "meta": {
                            "e2bfb730-ecaa-11e6-8f88-34363bc7c4c0": {
                                "create": 2400000000000,
                                "delete": 2400000000000,
                                "update": 4800000000000
                            }
                        },
                        "tainted": false
                    },
                    "deposed": [],
                    "provider": "provider.aws"
                },
                "aws_db_subnet_group.rds_subnet_group": {
                    "type": "aws_db_subnet_group",
                    "depends_on": [],
                    "primary": {
                        "id": "rds-subnet-group",
                        "attributes": {
                            "arn": "arn:aws:rds:us-east-1:826858768566:subgrp:rds-subnet-group",
                            "description": "RDS subnet group",
                            "id": "rds-subnet-group",
                            "name": "rds-subnet-group",
                            "subnet_ids.#": "3",
                            "subnet_ids.1040252156": "subnet-08d68474574040873",
                            "subnet_ids.1897638678": "subnet-0662add0d1aeedc58",
                            "subnet_ids.3622340141": "subnet-0e68d3d3989e30329",
                            "tags.%": "0"
                        },
                        "meta": {},
                        "tainted": false
                    },
                    "deposed": [],
                    "provider": "provider.aws"
                },
                "aws_eip.demo_eip.0": {
                    "type": "aws_eip",
                    "depends_on": [
                        "aws_internet_gateway.gw"
                    ],
                    "primary": {
                        "id": "eipalloc-0a3346ff6e3c2ceab",
                        "attributes": {
                            "association_id": "",
                            "domain": "vpc",
                            "id": "eipalloc-0a3346ff6e3c2ceab",
                            "instance": "",
                            "network_interface": "",
                            "private_ip": "",
                            "public_dns": "ec2-3-215-7-49.compute-1.amazonaws.com",
                            "public_ip": "3.215.7.49",
                            "public_ipv4_pool": "amazon",
                            "tags.%": "0",
                            "vpc": "true"
                        },
                        "meta": {
                            "e2bfb730-ecaa-11e6-8f88-34363bc7c4c0": {
                                "delete": 180000000000,
                                "read": 900000000000,
                                "update": 300000000000
                            }
                        },
                        "tainted": false
                    },
                    "deposed": [],
                    "provider": "provider.aws"
                },
                "aws_eip.demo_eip.1": {
                    "type": "aws_eip",
                    "depends_on": [
                        "aws_internet_gateway.gw"
                    ],
                    "primary": {
                        "id": "eipalloc-0e97891ed64d8ae53",
                        "attributes": {
                            "association_id": "",
                            "domain": "vpc",
                            "id": "eipalloc-0e97891ed64d8ae53",
                            "instance": "",
                            "network_interface": "",
                            "private_ip": "",
                            "public_dns": "ec2-3-215-74-116.compute-1.amazonaws.com",
                            "public_ip": "3.215.74.116",
                            "public_ipv4_pool": "amazon",
                            "tags.%": "0",
                            "vpc": "true"
                        },
                        "meta": {
                            "e2bfb730-ecaa-11e6-8f88-34363bc7c4c0": {
                                "delete": 180000000000,
                                "read": 900000000000,
                                "update": 300000000000
                            }
                        },
                        "tainted": false
                    },
                    "deposed": [],
                    "provider": "provider.aws"
                },
                "aws_eip.demo_eip.2": {
                    "type": "aws_eip",
                    "depends_on": [
                        "aws_internet_gateway.gw"
                    ],
                    "primary": {
                        "id": "eipalloc-0a4f293eefd0cc5f5",
                        "attributes": {
                            "association_id": "",
                            "domain": "vpc",
                            "id": "eipalloc-0a4f293eefd0cc5f5",
                            "instance": "",
                            "network_interface": "",
                            "private_ip": "",
                            "public_dns": "ec2-34-232-241-43.compute-1.amazonaws.com",
                            "public_ip": "34.232.241.43",
                            "public_ipv4_pool": "amazon",
                            "tags.%": "0",
                            "vpc": "true"
                        },
                        "meta": {
                            "e2bfb730-ecaa-11e6-8f88-34363bc7c4c0": {
                                "delete": 180000000000,
                                "read": 900000000000,
                                "update": 300000000000
                            }
                        },
                        "tainted": false
                    },
                    "deposed": [],
                    "provider": "provider.aws"
                },
                "aws_elb.docker_demo": {
                    "type": "aws_elb",
                    "depends_on": [
                        "aws_instance.docker_demo.*",
                        "aws_security_group.docker_demo_elb",
                        "aws_subnet.private.*"
                    ],
                    "primary": {
                        "id": "docker-demo-elb",
                        "attributes": {
                            "access_logs.#": "0",
                            "arn": "arn:aws:elasticloadbalancing:us-east-1:826858768566:loadbalancer/docker-demo-elb",
                            "availability_zones.#": "3",
                            "availability_zones.1305112097": "us-east-1b",
                            "availability_zones.3569565595": "us-east-1a",
                            "availability_zones.986537655": "us-east-1c",
                            "connection_draining": "false",
                            "connection_draining_timeout": "300",
                            "cross_zone_load_balancing": "true",
                            "dns_name": "docker-demo-elb-167769504.us-east-1.elb.amazonaws.com",
                            "health_check.#": "1",
                            "health_check.0.healthy_threshold": "2",
                            "health_check.0.interval": "20",
                            "health_check.0.target": "HTTP:80/",
                            "health_check.0.timeout": "3",
                            "health_check.0.unhealthy_threshold": "2",
                            "id": "docker-demo-elb",
                            "idle_timeout": "60",
                            "instances.#": "3",
                            "instances.3378312630": "i-0798b8c2eaf8eaad5",
                            "instances.369467943": "i-063549f1568533f4c",
                            "instances.723986814": "i-0fc4a90773849893b",
                            "internal": "false",
                            "listener.#": "1",
                            "listener.3057123346.instance_port": "80",
                            "listener.3057123346.instance_protocol": "http",
                            "listener.3057123346.lb_port": "80",
                            "listener.3057123346.lb_protocol": "http",
                            "listener.3057123346.ssl_certificate_id": "",
                            "name": "docker-demo-elb",
                            "security_groups.#": "1",
                            "security_groups.1709371351": "sg-099117a3b5432fed9",
                            "source_security_group": "826858768566/Docker-Demo-ELB-SG",
                            "source_security_group_id": "sg-099117a3b5432fed9",
                            "subnets.#": "3",
                            "subnets.1040252156": "subnet-08d68474574040873",
                            "subnets.1897638678": "subnet-0662add0d1aeedc58",
                            "subnets.3622340141": "subnet-0e68d3d3989e30329",
                            "tags.%": "0",
                            "zone_id": "Z35SXDOTRQ7X7K"
                        },
                        "meta": {},
                        "tainted": false
                    },
                    "deposed": [],
                    "provider": "provider.aws"
                },
                "aws_instance.docker_demo.0": {
                    "type": "aws_instance",
                    "depends_on": [
                        "aws_security_group.docker_demo_ec2",
                        "aws_subnet.public",
                        "aws_subnet.public.*"
                    ],
                    "primary": {
                        "id": "i-0fc4a90773849893b",
                        "attributes": {
                            "ami": "ami-059eeca93cf09eebd",
                            "arn": "arn:aws:ec2:us-east-1:826858768566:instance/i-0fc4a90773849893b",
                            "associate_public_ip_address": "true",
                            "availability_zone": "us-east-1a",
                            "cpu_core_count": "1",
                            "cpu_threads_per_core": "1",
                            "credit_specification.#": "1",
                            "credit_specification.0.cpu_credits": "standard",
                            "disable_api_termination": "false",
                            "ebs_block_device.#": "0",
                            "ebs_optimized": "false",
                            "ephemeral_block_device.#": "0",
                            "get_password_data": "false",
                            "iam_instance_profile": "",
                            "id": "i-0fc4a90773849893b",
                            "instance_state": "running",
                            "instance_type": "t2.micro",
                            "ipv6_address_count": "0",
                            "ipv6_addresses.#": "0",
                            "key_name": "asha",
                            "monitoring": "false",
                            "network_interface.#": "0",
                            "password_data": "",
                            "placement_group": "",
                            "primary_network_interface_id": "eni-02fd611b2a4f18500",
                            "private_dns": "ip-10-0-0-173.ec2.internal",
                            "private_ip": "10.0.0.173",
                            "public_dns": "ec2-3-80-168-123.compute-1.amazonaws.com",
                            "public_ip": "3.80.168.123",
                            "root_block_device.#": "1",
                            "root_block_device.0.delete_on_termination": "true",
                            "root_block_device.0.iops": "100",
                            "root_block_device.0.volume_id": "vol-0668165bb18231c0b",
                            "root_block_device.0.volume_size": "8",
                            "root_block_device.0.volume_type": "gp2",
                            "security_groups.#": "0",
                            "source_dest_check": "true",
                            "subnet_id": "subnet-059c99cd264748a82",
                            "tags.%": "1",
                            "tags.Name": "docker-nginx-demo-instance-0",
                            "tenancy": "default",
                            "user_data": "defb17fc8a69b512773e797dc3b408edaf70f80a",
                            "volume_tags.%": "0",
                            "vpc_security_group_ids.#": "1",
                            "vpc_security_group_ids.1554387145": "sg-09cc0af869bc2bc90"
                        },
                        "meta": {
                            "e2bfb730-ecaa-11e6-8f88-34363bc7c4c0": {
                                "create": 600000000000,
                                "delete": 1200000000000,
                                "update": 600000000000
                            },
                            "schema_version": "1"
                        },
                        "tainted": false
                    },
                    "deposed": [],
                    "provider": "provider.aws"
                },
                "aws_instance.docker_demo.1": {
                    "type": "aws_instance",
                    "depends_on": [
                        "aws_security_group.docker_demo_ec2",
                        "aws_subnet.public",
                        "aws_subnet.public.*"
                    ],
                    "primary": {
                        "id": "i-0798b8c2eaf8eaad5",
                        "attributes": {
                            "ami": "ami-059eeca93cf09eebd",
                            "arn": "arn:aws:ec2:us-east-1:826858768566:instance/i-0798b8c2eaf8eaad5",
                            "associate_public_ip_address": "true",
                            "availability_zone": "us-east-1b",
                            "cpu_core_count": "1",
                            "cpu_threads_per_core": "1",
                            "credit_specification.#": "1",
                            "credit_specification.0.cpu_credits": "standard",
                            "disable_api_termination": "false",
                            "ebs_block_device.#": "0",
                            "ebs_optimized": "false",
                            "ephemeral_block_device.#": "0",
                            "get_password_data": "false",
                            "iam_instance_profile": "",
                            "id": "i-0798b8c2eaf8eaad5",
                            "instance_state": "running",
                            "instance_type": "t2.micro",
                            "ipv6_address_count": "0",
                            "ipv6_addresses.#": "0",
                            "key_name": "asha",
                            "monitoring": "false",
                            "network_interface.#": "0",
                            "password_data": "",
                            "placement_group": "",
                            "primary_network_interface_id": "eni-09c4e72ebfb6b96f2",
                            "private_dns": "ip-10-0-2-83.ec2.internal",
                            "private_ip": "10.0.2.83",
                            "public_dns": "ec2-100-24-116-244.compute-1.amazonaws.com",
                            "public_ip": "100.24.116.244",
                            "root_block_device.#": "1",
                            "root_block_device.0.delete_on_termination": "true",
                            "root_block_device.0.iops": "100",
                            "root_block_device.0.volume_id": "vol-0eea7b539796a5528",
                            "root_block_device.0.volume_size": "8",
                            "root_block_device.0.volume_type": "gp2",
                            "security_groups.#": "0",
                            "source_dest_check": "true",
                            "subnet_id": "subnet-000a54dc44ab8e8ad",
                            "tags.%": "1",
                            "tags.Name": "docker-nginx-demo-instance-1",
                            "tenancy": "default",
                            "user_data": "defb17fc8a69b512773e797dc3b408edaf70f80a",
                            "volume_tags.%": "0",
                            "vpc_security_group_ids.#": "1",
                            "vpc_security_group_ids.1554387145": "sg-09cc0af869bc2bc90"
                        },
                        "meta": {
                            "e2bfb730-ecaa-11e6-8f88-34363bc7c4c0": {
                                "create": 600000000000,
                                "delete": 1200000000000,
                                "update": 600000000000
                            },
                            "schema_version": "1"
                        },
                        "tainted": false
                    },
                    "deposed": [],
                    "provider": "provider.aws"
                },
                "aws_instance.docker_demo.2": {
                    "type": "aws_instance",
                    "depends_on": [
                        "aws_security_group.docker_demo_ec2",
                        "aws_subnet.public",
                        "aws_subnet.public.*"
                    ],
                    "primary": {
                        "id": "i-063549f1568533f4c",
                        "attributes": {
                            "ami": "ami-059eeca93cf09eebd",
                            "arn": "arn:aws:ec2:us-east-1:826858768566:instance/i-063549f1568533f4c",
                            "associate_public_ip_address": "true",
                            "availability_zone": "us-east-1c",
                            "cpu_core_count": "1",
                            "cpu_threads_per_core": "1",
                            "credit_specification.#": "1",
                            "credit_specification.0.cpu_credits": "standard",
                            "disable_api_termination": "false",
                            "ebs_block_device.#": "0",
                            "ebs_optimized": "false",
                            "ephemeral_block_device.#": "0",
                            "get_password_data": "false",
                            "iam_instance_profile": "",
                            "id": "i-063549f1568533f4c",
                            "instance_state": "running",
                            "instance_type": "t2.micro",
                            "ipv6_address_count": "0",
                            "ipv6_addresses.#": "0",
                            "key_name": "asha",
                            "monitoring": "false",
                            "network_interface.#": "0",
                            "password_data": "",
                            "placement_group": "",
                            "primary_network_interface_id": "eni-0ef9f0a609393e8f1",
                            "private_dns": "ip-10-0-4-86.ec2.internal",
                            "private_ip": "10.0.4.86",
                            "public_dns": "ec2-3-94-62-80.compute-1.amazonaws.com",
                            "public_ip": "3.94.62.80",
                            "root_block_device.#": "1",
                            "root_block_device.0.delete_on_termination": "true",
                            "root_block_device.0.iops": "100",
                            "root_block_device.0.volume_id": "vol-03928de30376ba6a8",
                            "root_block_device.0.volume_size": "8",
                            "root_block_device.0.volume_type": "gp2",
                            "security_groups.#": "0",
                            "source_dest_check": "true",
                            "subnet_id": "subnet-0f772627b9f19bbca",
                            "tags.%": "1",
                            "tags.Name": "docker-nginx-demo-instance-2",
                            "tenancy": "default",
                            "user_data": "defb17fc8a69b512773e797dc3b408edaf70f80a",
                            "volume_tags.%": "0",
                            "vpc_security_group_ids.#": "1",
                            "vpc_security_group_ids.1554387145": "sg-09cc0af869bc2bc90"
                        },
                        "meta": {
                            "e2bfb730-ecaa-11e6-8f88-34363bc7c4c0": {
                                "create": 600000000000,
                                "delete": 1200000000000,
                                "update": 600000000000
                            },
                            "schema_version": "1"
                        },
                        "tainted": false
                    },
                    "deposed": [],
                    "provider": "provider.aws"
                },
                "aws_instance.docker_demo2.0": {
                    "type": "aws_instance",
                    "depends_on": [
                        "aws_security_group.docker_demo_ec2",
                        "aws_subnet.private",
                        "aws_subnet.private.*"
                    ],
                    "primary": {
                        "id": "i-01375ec05f5b6356a",
                        "attributes": {
                            "ami": "ami-059eeca93cf09eebd",
                            "arn": "arn:aws:ec2:us-east-1:826858768566:instance/i-01375ec05f5b6356a",
                            "associate_public_ip_address": "true",
                            "availability_zone": "us-east-1a",
                            "cpu_core_count": "1",
                            "cpu_threads_per_core": "1",
                            "credit_specification.#": "1",
                            "credit_specification.0.cpu_credits": "standard",
                            "disable_api_termination": "false",
                            "ebs_block_device.#": "0",
                            "ebs_optimized": "false",
                            "ephemeral_block_device.#": "0",
                            "get_password_data": "false",
                            "iam_instance_profile": "",
                            "id": "i-01375ec05f5b6356a",
                            "instance_state": "running",
                            "instance_type": "t2.micro",
                            "ipv6_address_count": "0",
                            "ipv6_addresses.#": "0",
                            "key_name": "asha",
                            "monitoring": "false",
                            "network_interface.#": "0",
                            "password_data": "",
                            "placement_group": "",
                            "primary_network_interface_id": "eni-045df5fc09473c9d7",
                            "private_dns": "ip-10-0-1-228.ec2.internal",
                            "private_ip": "10.0.1.228",
                            "public_dns": "ec2-54-83-172-224.compute-1.amazonaws.com",
                            "public_ip": "54.83.172.224",
                            "root_block_device.#": "1",
                            "root_block_device.0.delete_on_termination": "true",
                            "root_block_device.0.iops": "100",
                            "root_block_device.0.volume_id": "vol-023176cbaa813c5a8",
                            "root_block_device.0.volume_size": "8",
                            "root_block_device.0.volume_type": "gp2",
                            "security_groups.#": "0",
                            "source_dest_check": "true",
                            "subnet_id": "subnet-0e68d3d3989e30329",
                            "tags.%": "1",
                            "tags.Name": "docker-nginx-demo2-instance-0",
                            "tenancy": "default",
                            "user_data": "b1b395f4aa4a434cc8cc27913a5545bbdcf7ace9",
                            "volume_tags.%": "0",
                            "vpc_security_group_ids.#": "1",
                            "vpc_security_group_ids.1554387145": "sg-09cc0af869bc2bc90"
                        },
                        "meta": {
                            "e2bfb730-ecaa-11e6-8f88-34363bc7c4c0": {
                                "create": 600000000000,
                                "delete": 1200000000000,
                                "update": 600000000000
                            },
                            "schema_version": "1"
                        },
                        "tainted": false
                    },
                    "deposed": [],
                    "provider": "provider.aws"
                },
                "aws_instance.docker_demo2.1": {
                    "type": "aws_instance",
                    "depends_on": [
                        "aws_security_group.docker_demo_ec2",
                        "aws_subnet.private",
                        "aws_subnet.private.*"
                    ],
                    "primary": {
                        "id": "i-07793ba1c19657ffc",
                        "attributes": {
                            "ami": "ami-059eeca93cf09eebd",
                            "arn": "arn:aws:ec2:us-east-1:826858768566:instance/i-07793ba1c19657ffc",
                            "associate_public_ip_address": "true",
                            "availability_zone": "us-east-1b",
                            "cpu_core_count": "1",
                            "cpu_threads_per_core": "1",
                            "credit_specification.#": "1",
                            "credit_specification.0.cpu_credits": "standard",
                            "disable_api_termination": "false",
                            "ebs_block_device.#": "0",
                            "ebs_optimized": "false",
                            "ephemeral_block_device.#": "0",
                            "get_password_data": "false",
                            "iam_instance_profile": "",
                            "id": "i-07793ba1c19657ffc",
                            "instance_state": "running",
                            "instance_type": "t2.micro",
                            "ipv6_address_count": "0",
                            "ipv6_addresses.#": "0",
                            "key_name": "asha",
                            "monitoring": "false",
                            "network_interface.#": "0",
                            "password_data": "",
                            "placement_group": "",
                            "primary_network_interface_id": "eni-03a2c23f739eb7468",
                            "private_dns": "ip-10-0-3-225.ec2.internal",
                            "private_ip": "10.0.3.225",
                            "public_dns": "ec2-34-238-220-205.compute-1.amazonaws.com",
                            "public_ip": "34.238.220.205",
                            "root_block_device.#": "1",
                            "root_block_device.0.delete_on_termination": "true",
                            "root_block_device.0.iops": "100",
                            "root_block_device.0.volume_id": "vol-01496887a6c85bc25",
                            "root_block_device.0.volume_size": "8",
                            "root_block_device.0.volume_type": "gp2",
                            "security_groups.#": "0",
                            "source_dest_check": "true",
                            "subnet_id": "subnet-08d68474574040873",
                            "tags.%": "1",
                            "tags.Name": "docker-nginx-demo2-instance-1",
                            "tenancy": "default",
                            "user_data": "b1b395f4aa4a434cc8cc27913a5545bbdcf7ace9",
                            "volume_tags.%": "0",
                            "vpc_security_group_ids.#": "1",
                            "vpc_security_group_ids.1554387145": "sg-09cc0af869bc2bc90"
                        },
                        "meta": {
                            "e2bfb730-ecaa-11e6-8f88-34363bc7c4c0": {
                                "create": 600000000000,
                                "delete": 1200000000000,
                                "update": 600000000000
                            },
                            "schema_version": "1"
                        },
                        "tainted": false
                    },
                    "deposed": [],
                    "provider": "provider.aws"
                },
                "aws_instance.docker_demo2.2": {
                    "type": "aws_instance",
                    "depends_on": [
                        "aws_security_group.docker_demo_ec2",
                        "aws_subnet.private",
                        "aws_subnet.private.*"
                    ],
                    "primary": {
                        "id": "i-04e7aa647d3300b63",
                        "attributes": {
                            "ami": "ami-059eeca93cf09eebd",
                            "arn": "arn:aws:ec2:us-east-1:826858768566:instance/i-04e7aa647d3300b63",
                            "associate_public_ip_address": "true",
                            "availability_zone": "us-east-1c",
                            "cpu_core_count": "1",
                            "cpu_threads_per_core": "1",
                            "credit_specification.#": "1",
                            "credit_specification.0.cpu_credits": "standard",
                            "disable_api_termination": "false",
                            "ebs_block_device.#": "0",
                            "ebs_optimized": "false",
                            "ephemeral_block_device.#": "0",
                            "get_password_data": "false",
                            "iam_instance_profile": "",
                            "id": "i-04e7aa647d3300b63",
                            "instance_state": "running",
                            "instance_type": "t2.micro",
                            "ipv6_address_count": "0",
                            "ipv6_addresses.#": "0",
                            "key_name": "asha",
                            "monitoring": "false",
                            "network_interface.#": "0",
                            "password_data": "",
                            "placement_group": "",
                            "primary_network_interface_id": "eni-09f9404f20acc9ee9",
                            "private_dns": "ip-10-0-5-139.ec2.internal",
                            "private_ip": "10.0.5.139",
                            "public_dns": "ec2-54-208-188-63.compute-1.amazonaws.com",
                            "public_ip": "54.208.188.63",
                            "root_block_device.#": "1",
                            "root_block_device.0.delete_on_termination": "true",
                            "root_block_device.0.iops": "100",
                            "root_block_device.0.volume_id": "vol-0821b686907b7f47b",
                            "root_block_device.0.volume_size": "8",
                            "root_block_device.0.volume_type": "gp2",
                            "security_groups.#": "0",
                            "source_dest_check": "true",
                            "subnet_id": "subnet-0662add0d1aeedc58",
                            "tags.%": "1",
                            "tags.Name": "docker-nginx-demo2-instance-2",
                            "tenancy": "default",
                            "user_data": "b1b395f4aa4a434cc8cc27913a5545bbdcf7ace9",
                            "volume_tags.%": "0",
                            "vpc_security_group_ids.#": "1",
                            "vpc_security_group_ids.1554387145": "sg-09cc0af869bc2bc90"
                        },
                        "meta": {
                            "e2bfb730-ecaa-11e6-8f88-34363bc7c4c0": {
                                "create": 600000000000,
                                "delete": 1200000000000,
                                "update": 600000000000
                            },
                            "schema_version": "1"
                        },
                        "tainted": false
                    },
                    "deposed": [],
                    "provider": "provider.aws"
                },
                "aws_internet_gateway.gw": {
                    "type": "aws_internet_gateway",
                    "depends_on": [
                        "aws_vpc.demo"
                    ],
                    "primary": {
                        "id": "igw-0f403a5a4f20d837c",
                        "attributes": {
                            "id": "igw-0f403a5a4f20d837c",
                            "owner_id": "826858768566",
                            "tags.%": "1",
                            "tags.Name": "docker-nginx-demo-igw",
                            "vpc_id": "vpc-0cc31cb0fd38411a2"
                        },
                        "meta": {},
                        "tainted": false
                    },
                    "deposed": [],
                    "provider": "provider.aws"
                },
                "aws_launch_configuration.demo": {
                    "type": "aws_launch_configuration",
                    "depends_on": [
                        "aws_security_group.docker_demo_ec2"
                    ],
                    "primary": {
                        "id": "terraform-20190426090359489600000002",
                        "attributes": {
                            "associate_public_ip_address": "false",
                            "ebs_block_device.#": "0",
                            "ebs_optimized": "false",
                            "enable_monitoring": "true",
                            "ephemeral_block_device.#": "0",
                            "iam_instance_profile": "",
                            "id": "terraform-20190426090359489600000002",
                            "image_id": "ami-059eeca93cf09eebd",
                            "instance_type": "t2.micro",
                            "key_name": "",
                            "name": "terraform-20190426090359489600000002",
                            "root_block_device.#": "0",
                            "security_groups.#": "1",
                            "security_groups.1554387145": "sg-09cc0af869bc2bc90",
                            "spot_price": "",
                            "user_data": "defb17fc8a69b512773e797dc3b408edaf70f80a",
                            "vpc_classic_link_id": "",
                            "vpc_classic_link_security_groups.#": "0"
                        },
                        "meta": {},
                        "tainted": false
                    },
                    "deposed": [],
                    "provider": "provider.aws"
                },
                "aws_main_route_table_association.public": {
                    "type": "aws_main_route_table_association",
                    "depends_on": [
                        "aws_route_table.public",
                        "aws_vpc.demo"
                    ],
                    "primary": {
                        "id": "rtbassoc-0be56748d914fcfe2",
                        "attributes": {
                            "id": "rtbassoc-0be56748d914fcfe2",
                            "original_route_table_id": "rtb-0208e0cbf9f2c7110",
                            "route_table_id": "rtb-008ea785ecda28686",
                            "vpc_id": "vpc-0cc31cb0fd38411a2"
                        },
                        "meta": {},
                        "tainted": false
                    },
                    "deposed": [],
                    "provider": "provider.aws"
                },
                "aws_nat_gateway.demo.0": {
                    "type": "aws_nat_gateway",
                    "depends_on": [
                        "aws_eip.demo_eip.*",
                        "aws_internet_gateway.gw",
                        "aws_subnet.public.*"
                    ],
                    "primary": {
                        "id": "nat-062dab8e32de8fe12",
                        "attributes": {
                            "allocation_id": "eipalloc-0a3346ff6e3c2ceab",
                            "id": "nat-062dab8e32de8fe12",
                            "network_interface_id": "eni-0662e075dee3a0c53",
                            "private_ip": "10.0.0.105",
                            "public_ip": "3.215.7.49",
                            "subnet_id": "subnet-059c99cd264748a82",
                            "tags.%": "0"
                        },
                        "meta": {},
                        "tainted": false
                    },
                    "deposed": [],
                    "provider": "provider.aws"
                },
                "aws_nat_gateway.demo.1": {
                    "type": "aws_nat_gateway",
                    "depends_on": [
                        "aws_eip.demo_eip.*",
                        "aws_internet_gateway.gw",
                        "aws_subnet.public.*"
                    ],
                    "primary": {
                        "id": "nat-0c347e2025dcdb65d",
                        "attributes": {
                            "allocation_id": "eipalloc-0e97891ed64d8ae53",
                            "id": "nat-0c347e2025dcdb65d",
                            "network_interface_id": "eni-05f5d2b266c5a03da",
                            "private_ip": "10.0.2.158",
                            "public_ip": "3.215.74.116",
                            "subnet_id": "subnet-000a54dc44ab8e8ad",
                            "tags.%": "0"
                        },
                        "meta": {},
                        "tainted": false
                    },
                    "deposed": [],
                    "provider": "provider.aws"
                },
                "aws_nat_gateway.demo.2": {
                    "type": "aws_nat_gateway",
                    "depends_on": [
                        "aws_eip.demo_eip.*",
                        "aws_internet_gateway.gw",
                        "aws_subnet.public.*"
                    ],
                    "primary": {
                        "id": "nat-088e8c21063d80dd1",
                        "attributes": {
                            "allocation_id": "eipalloc-0a4f293eefd0cc5f5",
                            "id": "nat-088e8c21063d80dd1",
                            "network_interface_id": "eni-088756749fe3c2a00",
                            "private_ip": "10.0.4.218",
                            "public_ip": "34.232.241.43",
                            "subnet_id": "subnet-0f772627b9f19bbca",
                            "tags.%": "0"
                        },
                        "meta": {},
                        "tainted": false
                    },
                    "deposed": [],
                    "provider": "provider.aws"
                },
                "aws_route.private_nat_gateway_route.0": {
                    "type": "aws_route",
                    "depends_on": [
                        "aws_nat_gateway.demo.*",
                        "aws_route_table.private",
                        "aws_route_table.private.*"
                    ],
                    "primary": {
                        "id": "r-rtb-0b813560c62f486b11080289494",
                        "attributes": {
                            "destination_cidr_block": "0.0.0.0/0",
                            "destination_prefix_list_id": "",
                            "egress_only_gateway_id": "",
                            "gateway_id": "",
                            "id": "r-rtb-0b813560c62f486b11080289494",
                            "instance_id": "",
                            "instance_owner_id": "",
                            "nat_gateway_id": "nat-062dab8e32de8fe12",
                            "network_interface_id": "",
                            "origin": "CreateRoute",
                            "route_table_id": "rtb-0b813560c62f486b1",
                            "state": "active",
                            "transit_gateway_id": "",
                            "vpc_peering_connection_id": ""
                        },
                        "meta": {
                            "e2bfb730-ecaa-11e6-8f88-34363bc7c4c0": {
                                "create": 120000000000,
                                "delete": 300000000000
                            }
                        },
                        "tainted": false
                    },
                    "deposed": [],
                    "provider": "provider.aws"
                },
                "aws_route.private_nat_gateway_route.1": {
                    "type": "aws_route",
                    "depends_on": [
                        "aws_nat_gateway.demo.*",
                        "aws_route_table.private",
                        "aws_route_table.private.*"
                    ],
                    "primary": {
                        "id": "r-rtb-05d9773cadb837b5d1080289494",
                        "attributes": {
                            "destination_cidr_block": "0.0.0.0/0",
                            "destination_prefix_list_id": "",
                            "egress_only_gateway_id": "",
                            "gateway_id": "",
                            "id": "r-rtb-05d9773cadb837b5d1080289494",
                            "instance_id": "",
                            "instance_owner_id": "",
                            "nat_gateway_id": "nat-0c347e2025dcdb65d",
                            "network_interface_id": "",
                            "origin": "CreateRoute",
                            "route_table_id": "rtb-05d9773cadb837b5d",
                            "state": "active",
                            "transit_gateway_id": "",
                            "vpc_peering_connection_id": ""
                        },
                        "meta": {
                            "e2bfb730-ecaa-11e6-8f88-34363bc7c4c0": {
                                "create": 120000000000,
                                "delete": 300000000000
                            }
                        },
                        "tainted": false
                    },
                    "deposed": [],
                    "provider": "provider.aws"
                },
                "aws_route.private_nat_gateway_route.2": {
                    "type": "aws_route",
                    "depends_on": [
                        "aws_nat_gateway.demo.*",
                        "aws_route_table.private",
                        "aws_route_table.private.*"
                    ],
                    "primary": {
                        "id": "r-rtb-0bee7030347842fe31080289494",
                        "attributes": {
                            "destination_cidr_block": "0.0.0.0/0",
                            "destination_prefix_list_id": "",
                            "egress_only_gateway_id": "",
                            "gateway_id": "",
                            "id": "r-rtb-0bee7030347842fe31080289494",
                            "instance_id": "",
                            "instance_owner_id": "",
                            "nat_gateway_id": "nat-088e8c21063d80dd1",
                            "network_interface_id": "",
                            "origin": "CreateRoute",
                            "route_table_id": "rtb-0bee7030347842fe3",
                            "state": "active",
                            "transit_gateway_id": "",
                            "vpc_peering_connection_id": ""
                        },
                        "meta": {
                            "e2bfb730-ecaa-11e6-8f88-34363bc7c4c0": {
                                "create": 120000000000,
                                "delete": 300000000000
                            }
                        },
                        "tainted": false
                    },
                    "deposed": [],
                    "provider": "provider.aws"
                },
                "aws_route.public": {
                    "type": "aws_route",
                    "depends_on": [
                        "aws_internet_gateway.gw",
                        "aws_route_table.public"
                    ],
                    "primary": {
                        "id": "r-rtb-008ea785ecda286861080289494",
                        "attributes": {
                            "destination_cidr_block": "0.0.0.0/0",
                            "destination_prefix_list_id": "",
                            "egress_only_gateway_id": "",
                            "gateway_id": "igw-0f403a5a4f20d837c",
                            "id": "r-rtb-008ea785ecda286861080289494",
                            "instance_id": "",
                            "instance_owner_id": "",
                            "nat_gateway_id": "",
                            "network_interface_id": "",
                            "origin": "CreateRoute",
                            "route_table_id": "rtb-008ea785ecda28686",
                            "state": "active",
                            "transit_gateway_id": "",
                            "vpc_peering_connection_id": ""
                        },
                        "meta": {
                            "e2bfb730-ecaa-11e6-8f88-34363bc7c4c0": {
                                "create": 120000000000,
                                "delete": 300000000000
                            }
                        },
                        "tainted": false
                    },
                    "deposed": [],
                    "provider": "provider.aws"
                },
                "aws_route_table.private.0": {
                    "type": "aws_route_table",
                    "depends_on": [
                        "aws_vpc.demo"
                    ],
                    "primary": {
                        "id": "rtb-0b813560c62f486b1",
                        "attributes": {
                            "id": "rtb-0b813560c62f486b1",
                            "owner_id": "826858768566",
                            "propagating_vgws.#": "0",
                            "route.#": "0",
                            "tags.%": "1",
                            "tags.Name": "private_subnet_route_table_0",
                            "vpc_id": "vpc-0cc31cb0fd38411a2"
                        },
                        "meta": {},
                        "tainted": false
                    },
                    "deposed": [],
                    "provider": "provider.aws"
                },
                "aws_route_table.private.1": {
                    "type": "aws_route_table",
                    "depends_on": [
                        "aws_vpc.demo"
                    ],
                    "primary": {
                        "id": "rtb-05d9773cadb837b5d",
                        "attributes": {
                            "id": "rtb-05d9773cadb837b5d",
                            "owner_id": "826858768566",
                            "propagating_vgws.#": "0",
                            "route.#": "0",
                            "tags.%": "1",
                            "tags.Name": "private_subnet_route_table_1",
                            "vpc_id": "vpc-0cc31cb0fd38411a2"
                        },
                        "meta": {},
                        "tainted": false
                    },
                    "deposed": [],
                    "provider": "provider.aws"
                },
                "aws_route_table.private.2": {
                    "type": "aws_route_table",
                    "depends_on": [
                        "aws_vpc.demo"
                    ],
                    "primary": {
                        "id": "rtb-0bee7030347842fe3",
                        "attributes": {
                            "id": "rtb-0bee7030347842fe3",
                            "owner_id": "826858768566",
                            "propagating_vgws.#": "0",
                            "route.#": "0",
                            "tags.%": "1",
                            "tags.Name": "private_subnet_route_table_2",
                            "vpc_id": "vpc-0cc31cb0fd38411a2"
                        },
                        "meta": {},
                        "tainted": false
                    },
                    "deposed": [],
                    "provider": "provider.aws"
                },
                "aws_route_table.public": {
                    "type": "aws_route_table",
                    "depends_on": [
                        "aws_vpc.demo"
                    ],
                    "primary": {
                        "id": "rtb-008ea785ecda28686",
                        "attributes": {
                            "id": "rtb-008ea785ecda28686",
                            "owner_id": "826858768566",
                            "propagating_vgws.#": "0",
                            "route.#": "0",
                            "tags.%": "1",
                            "tags.Name": "public_route_table_main",
                            "vpc_id": "vpc-0cc31cb0fd38411a2"
                        },
                        "meta": {},
                        "tainted": false
                    },
                    "deposed": [],
                    "provider": "provider.aws"
                },
                "aws_route_table_association.public.0": {
                    "type": "aws_route_table_association",
                    "depends_on": [
                        "aws_route_table.public",
                        "data.aws_subnet_ids.public"
                    ],
                    "primary": {
                        "id": "rtbassoc-010345cb0b9409a91",
                        "attributes": {
                            "id": "rtbassoc-010345cb0b9409a91",
                            "route_table_id": "rtb-008ea785ecda28686",
                            "subnet_id": "subnet-059c99cd264748a82"
                        },
                        "meta": {},
                        "tainted": false
                    },
                    "deposed": [],
                    "provider": "provider.aws"
                },
                "aws_route_table_association.public.1": {
                    "type": "aws_route_table_association",
                    "depends_on": [
                        "aws_route_table.public",
                        "data.aws_subnet_ids.public"
                    ],
                    "primary": {
                        "id": "rtbassoc-017ca34d043f5fdeb",
                        "attributes": {
                            "id": "rtbassoc-017ca34d043f5fdeb",
                            "route_table_id": "rtb-008ea785ecda28686",
                            "subnet_id": "subnet-08d68474574040873"
                        },
                        "meta": {},
                        "tainted": false
                    },
                    "deposed": [],
                    "provider": "provider.aws"
                },
                "aws_route_table_association.public.2": {
                    "type": "aws_route_table_association",
                    "depends_on": [
                        "aws_route_table.public",
                        "data.aws_subnet_ids.public"
                    ],
                    "primary": {
                        "id": "rtbassoc-0a1ea538a2f0d7705",
                        "attributes": {
                            "id": "rtbassoc-0a1ea538a2f0d7705",
                            "route_table_id": "rtb-008ea785ecda28686",
                            "subnet_id": "subnet-0f772627b9f19bbca"
                        },
                        "meta": {},
                        "tainted": false
                    },
                    "deposed": [],
                    "provider": "provider.aws"
                },
                "aws_security_group.docker_demo_ec2": {
                    "type": "aws_security_group",
                    "depends_on": [
                        "aws_vpc.demo"
                    ],
                    "primary": {
                        "id": "sg-09cc0af869bc2bc90",
                        "attributes": {
                            "arn": "arn:aws:ec2:us-east-1:826858768566:security-group/sg-09cc0af869bc2bc90",
                            "description": "allow incoming HTTP traffic only",
                            "egress.#": "1",
                            "egress.482069346.cidr_blocks.#": "1",
                            "egress.482069346.cidr_blocks.0": "0.0.0.0/0",
                            "egress.482069346.description": "",
                            "egress.482069346.from_port": "0",
                            "egress.482069346.ipv6_cidr_blocks.#": "0",
                            "egress.482069346.prefix_list_ids.#": "0",
                            "egress.482069346.protocol": "-1",
                            "egress.482069346.security_groups.#": "0",
                            "egress.482069346.self": "false",
                            "egress.482069346.to_port": "0",
                            "id": "sg-09cc0af869bc2bc90",
                            "ingress.#": "1",
                            "ingress.2214680975.cidr_blocks.#": "1",
                            "ingress.2214680975.cidr_blocks.0": "0.0.0.0/0",
                            "ingress.2214680975.description": "",
                            "ingress.2214680975.from_port": "80",
                            "ingress.2214680975.ipv6_cidr_blocks.#": "0",
                            "ingress.2214680975.prefix_list_ids.#": "0",
                            "ingress.2214680975.protocol": "tcp",
                            "ingress.2214680975.security_groups.#": "0",
                            "ingress.2214680975.self": "false",
                            "ingress.2214680975.to_port": "80",
                            "name": "docker-nginx-demo-ec2",
                            "owner_id": "826858768566",
                            "revoke_rules_on_delete": "false",
                            "tags.%": "0",
                            "vpc_id": "vpc-0cc31cb0fd38411a2"
                        },
                        "meta": {
                            "e2bfb730-ecaa-11e6-8f88-34363bc7c4c0": {
                                "create": 600000000000,
                                "delete": 600000000000
                            },
                            "schema_version": "1"
                        },
                        "tainted": false
                    },
                    "deposed": [],
                    "provider": "provider.aws"
                },
                "aws_security_group.docker_demo_elb": {
                    "type": "aws_security_group",
                    "depends_on": [
                        "aws_vpc.demo"
                    ],
                    "primary": {
                        "id": "sg-099117a3b5432fed9",
                        "attributes": {
                            "arn": "arn:aws:ec2:us-east-1:826858768566:security-group/sg-099117a3b5432fed9",
                            "description": "Allow incoming HTTP traffic only",
                            "egress.#": "1",
                            "egress.482069346.cidr_blocks.#": "1",
                            "egress.482069346.cidr_blocks.0": "0.0.0.0/0",
                            "egress.482069346.description": "",
                            "egress.482069346.from_port": "0",
                            "egress.482069346.ipv6_cidr_blocks.#": "0",
                            "egress.482069346.prefix_list_ids.#": "0",
                            "egress.482069346.protocol": "-1",
                            "egress.482069346.security_groups.#": "0",
                            "egress.482069346.self": "false",
                            "egress.482069346.to_port": "0",
                            "id": "sg-099117a3b5432fed9",
                            "ingress.#": "1",
                            "ingress.2214680975.cidr_blocks.#": "1",
                            "ingress.2214680975.cidr_blocks.0": "0.0.0.0/0",
                            "ingress.2214680975.description": "",
                            "ingress.2214680975.from_port": "80",
                            "ingress.2214680975.ipv6_cidr_blocks.#": "0",
                            "ingress.2214680975.prefix_list_ids.#": "0",
                            "ingress.2214680975.protocol": "tcp",
                            "ingress.2214680975.security_groups.#": "0",
                            "ingress.2214680975.self": "false",
                            "ingress.2214680975.to_port": "80",
                            "name": "Docker-Demo-ELB-SG",
                            "owner_id": "826858768566",
                            "revoke_rules_on_delete": "false",
                            "tags.%": "0",
                            "vpc_id": "vpc-0cc31cb0fd38411a2"
                        },
                        "meta": {
                            "e2bfb730-ecaa-11e6-8f88-34363bc7c4c0": {
                                "create": 600000000000,
                                "delete": 600000000000
                            },
                            "schema_version": "1"
                        },
                        "tainted": false
                    },
                    "deposed": [],
                    "provider": "provider.aws"
                },
                "aws_security_group.rds_sg": {
                    "type": "aws_security_group",
                    "depends_on": [
                        "aws_vpc.demo"
                    ],
                    "primary": {
                        "id": "sg-09bb5b8fd9f98d354",
                        "attributes": {
                            "arn": "arn:aws:ec2:us-east-1:826858768566:security-group/sg-09bb5b8fd9f98d354",
                            "description": "db Security Group",
                            "egress.#": "1",
                            "egress.482069346.cidr_blocks.#": "1",
                            "egress.482069346.cidr_blocks.0": "0.0.0.0/0",
                            "egress.482069346.description": "",
                            "egress.482069346.from_port": "0",
                            "egress.482069346.ipv6_cidr_blocks.#": "0",
                            "egress.482069346.prefix_list_ids.#": "0",
                            "egress.482069346.protocol": "-1",
                            "egress.482069346.security_groups.#": "0",
                            "egress.482069346.self": "false",
                            "egress.482069346.to_port": "0",
                            "id": "sg-09bb5b8fd9f98d354",
                            "ingress.#": "1",
                            "ingress.753360330.cidr_blocks.#": "0",
                            "ingress.753360330.description": "",
                            "ingress.753360330.from_port": "0",
                            "ingress.753360330.ipv6_cidr_blocks.#": "0",
                            "ingress.753360330.prefix_list_ids.#": "0",
                            "ingress.753360330.protocol": "-1",
                            "ingress.753360330.security_groups.#": "0",
                            "ingress.753360330.self": "true",
                            "ingress.753360330.to_port": "0",
                            "name": "rds-sg",
                            "owner_id": "826858768566",
                            "revoke_rules_on_delete": "false",
                            "tags.%": "0",
                            "vpc_id": "vpc-0cc31cb0fd38411a2"
                        },
                        "meta": {
                            "e2bfb730-ecaa-11e6-8f88-34363bc7c4c0": {
                                "create": 600000000000,
                                "delete": 600000000000
                            },
                            "schema_version": "1"
                        },
                        "tainted": false
                    },
                    "deposed": [],
                    "provider": "provider.aws"
                },
                "aws_subnet.private.0": {
                    "type": "aws_subnet",
                    "depends_on": [
                        "aws_vpc.demo"
                    ],
                    "primary": {
                        "id": "subnet-0e68d3d3989e30329",
                        "attributes": {
                            "arn": "arn:aws:ec2:us-east-1:826858768566:subnet/subnet-0e68d3d3989e30329",
                            "assign_ipv6_address_on_creation": "false",
                            "availability_zone": "us-east-1a",
                            "availability_zone_id": "use1-az6",
                            "cidr_block": "10.0.1.0/24",
                            "id": "subnet-0e68d3d3989e30329",
                            "ipv6_cidr_block": "",
                            "ipv6_cidr_block_association_id": "",
                            "map_public_ip_on_launch": "true",
                            "owner_id": "826858768566",
                            "tags.%": "1",
                            "tags.Name": "subnet-priv-0",
                            "vpc_id": "vpc-0cc31cb0fd38411a2"
                        },
                        "meta": {
                            "e2bfb730-ecaa-11e6-8f88-34363bc7c4c0": {
                                "create": 600000000000,
                                "delete": 600000000000
                            },
                            "schema_version": "1"
                        },
                        "tainted": false
                    },
                    "deposed": [],
                    "provider": "provider.aws"
                },
                "aws_subnet.private.1": {
                    "type": "aws_subnet",
                    "depends_on": [
                        "aws_vpc.demo"
                    ],
                    "primary": {
                        "id": "subnet-08d68474574040873",
                        "attributes": {
                            "arn": "arn:aws:ec2:us-east-1:826858768566:subnet/subnet-08d68474574040873",
                            "assign_ipv6_address_on_creation": "false",
                            "availability_zone": "us-east-1b",
                            "availability_zone_id": "use1-az1",
                            "cidr_block": "10.0.3.0/24",
                            "id": "subnet-08d68474574040873",
                            "ipv6_cidr_block": "",
                            "ipv6_cidr_block_association_id": "",
                            "map_public_ip_on_launch": "true",
                            "owner_id": "826858768566",
                            "tags.%": "1",
                            "tags.Name": "subnet-priv-1",
                            "vpc_id": "vpc-0cc31cb0fd38411a2"
                        },
                        "meta": {
                            "e2bfb730-ecaa-11e6-8f88-34363bc7c4c0": {
                                "create": 600000000000,
                                "delete": 600000000000
                            },
                            "schema_version": "1"
                        },
                        "tainted": false
                    },
                    "deposed": [],
                    "provider": "provider.aws"
                },
                "aws_subnet.private.2": {
                    "type": "aws_subnet",
                    "depends_on": [
                        "aws_vpc.demo"
                    ],
                    "primary": {
                        "id": "subnet-0662add0d1aeedc58",
                        "attributes": {
                            "arn": "arn:aws:ec2:us-east-1:826858768566:subnet/subnet-0662add0d1aeedc58",
                            "assign_ipv6_address_on_creation": "false",
                            "availability_zone": "us-east-1c",
                            "availability_zone_id": "use1-az2",
                            "cidr_block": "10.0.5.0/24",
                            "id": "subnet-0662add0d1aeedc58",
                            "ipv6_cidr_block": "",
                            "ipv6_cidr_block_association_id": "",
                            "map_public_ip_on_launch": "true",
                            "owner_id": "826858768566",
                            "tags.%": "1",
                            "tags.Name": "subnet-priv-2",
                            "vpc_id": "vpc-0cc31cb0fd38411a2"
                        },
                        "meta": {
                            "e2bfb730-ecaa-11e6-8f88-34363bc7c4c0": {
                                "create": 600000000000,
                                "delete": 600000000000
                            },
                            "schema_version": "1"
                        },
                        "tainted": false
                    },
                    "deposed": [],
                    "provider": "provider.aws"
                },
                "aws_subnet.public.0": {
                    "type": "aws_subnet",
                    "depends_on": [
                        "aws_vpc.demo"
                    ],
                    "primary": {
                        "id": "subnet-059c99cd264748a82",
                        "attributes": {
                            "arn": "arn:aws:ec2:us-east-1:826858768566:subnet/subnet-059c99cd264748a82",
                            "assign_ipv6_address_on_creation": "false",
                            "availability_zone": "us-east-1a",
                            "availability_zone_id": "use1-az6",
                            "cidr_block": "10.0.0.0/24",
                            "id": "subnet-059c99cd264748a82",
                            "ipv6_cidr_block": "",
                            "ipv6_cidr_block_association_id": "",
                            "map_public_ip_on_launch": "true",
                            "owner_id": "826858768566",
                            "tags.%": "1",
                            "tags.Name": "subnet-pub-0",
                            "vpc_id": "vpc-0cc31cb0fd38411a2"
                        },
                        "meta": {
                            "e2bfb730-ecaa-11e6-8f88-34363bc7c4c0": {
                                "create": 600000000000,
                                "delete": 600000000000
                            },
                            "schema_version": "1"
                        },
                        "tainted": false
                    },
                    "deposed": [],
                    "provider": "provider.aws"
                },
                "aws_subnet.public.1": {
                    "type": "aws_subnet",
                    "depends_on": [
                        "aws_vpc.demo"
                    ],
                    "primary": {
                        "id": "subnet-000a54dc44ab8e8ad",
                        "attributes": {
                            "arn": "arn:aws:ec2:us-east-1:826858768566:subnet/subnet-000a54dc44ab8e8ad",
                            "assign_ipv6_address_on_creation": "false",
                            "availability_zone": "us-east-1b",
                            "availability_zone_id": "use1-az1",
                            "cidr_block": "10.0.2.0/24",
                            "id": "subnet-000a54dc44ab8e8ad",
                            "ipv6_cidr_block": "",
                            "ipv6_cidr_block_association_id": "",
                            "map_public_ip_on_launch": "true",
                            "owner_id": "826858768566",
                            "tags.%": "1",
                            "tags.Name": "subnet-pub-1",
                            "vpc_id": "vpc-0cc31cb0fd38411a2"
                        },
                        "meta": {
                            "e2bfb730-ecaa-11e6-8f88-34363bc7c4c0": {
                                "create": 600000000000,
                                "delete": 600000000000
                            },
                            "schema_version": "1"
                        },
                        "tainted": false
                    },
                    "deposed": [],
                    "provider": "provider.aws"
                },
                "aws_subnet.public.2": {
                    "type": "aws_subnet",
                    "depends_on": [
                        "aws_vpc.demo"
                    ],
                    "primary": {
                        "id": "subnet-0f772627b9f19bbca",
                        "attributes": {
                            "arn": "arn:aws:ec2:us-east-1:826858768566:subnet/subnet-0f772627b9f19bbca",
                            "assign_ipv6_address_on_creation": "false",
                            "availability_zone": "us-east-1c",
                            "availability_zone_id": "use1-az2",
                            "cidr_block": "10.0.4.0/24",
                            "id": "subnet-0f772627b9f19bbca",
                            "ipv6_cidr_block": "",
                            "ipv6_cidr_block_association_id": "",
                            "map_public_ip_on_launch": "true",
                            "owner_id": "826858768566",
                            "tags.%": "1",
                            "tags.Name": "subnet-pub-2",
                            "vpc_id": "vpc-0cc31cb0fd38411a2"
                        },
                        "meta": {
                            "e2bfb730-ecaa-11e6-8f88-34363bc7c4c0": {
                                "create": 600000000000,
                                "delete": 600000000000
                            },
                            "schema_version": "1"
                        },
                        "tainted": false
                    },
                    "deposed": [],
                    "provider": "provider.aws"
                },
                "aws_vpc.demo": {
                    "type": "aws_vpc",
                    "depends_on": [],
                    "primary": {
                        "id": "vpc-0cc31cb0fd38411a2",
                        "attributes": {
                            "arn": "arn:aws:ec2:us-east-1:826858768566:vpc/vpc-0cc31cb0fd38411a2",
                            "assign_generated_ipv6_cidr_block": "false",
                            "cidr_block": "10.0.0.0/16",
                            "default_network_acl_id": "acl-0e0fd018e3ac3b47c",
                            "default_route_table_id": "rtb-0208e0cbf9f2c7110",
                            "default_security_group_id": "sg-08a6e5ae54833db77",
                            "dhcp_options_id": "dopt-c2cafeb9",
                            "enable_classiclink": "false",
                            "enable_classiclink_dns_support": "false",
                            "enable_dns_hostnames": "true",
                            "enable_dns_support": "true",
                            "id": "vpc-0cc31cb0fd38411a2",
                            "instance_tenancy": "default",
                            "ipv6_association_id": "",
                            "ipv6_cidr_block": "",
                            "main_route_table_id": "rtb-0208e0cbf9f2c7110",
                            "owner_id": "826858768566",
                            "tags.%": "1",
                            "tags.Name": "docker-nginx-demo-vpc"
                        },
                        "meta": {
                            "schema_version": "1"
                        },
                        "tainted": false
                    },
                    "deposed": [],
                    "provider": "provider.aws"
                },
                "data.aws_subnet_ids.private": {
                    "type": "aws_subnet_ids",
                    "depends_on": [
                        "aws_subnet.private",
                        "aws_vpc.demo"
                    ],
                    "primary": {
                        "id": "vpc-0cc31cb0fd38411a2",
                        "attributes": {
                            "id": "vpc-0cc31cb0fd38411a2",
                            "ids.#": "6",
                            "ids.1040252156": "subnet-08d68474574040873",
                            "ids.1201035062": "subnet-0f772627b9f19bbca",
                            "ids.1897638678": "subnet-0662add0d1aeedc58",
                            "ids.2132448653": "subnet-000a54dc44ab8e8ad",
                            "ids.3622340141": "subnet-0e68d3d3989e30329",
                            "ids.934752648": "subnet-059c99cd264748a82",
                            "vpc_id": "vpc-0cc31cb0fd38411a2"
                        },
                        "meta": {},
                        "tainted": false
                    },
                    "deposed": [],
                    "provider": "provider.aws"
                },
                "data.aws_subnet_ids.public": {
                    "type": "aws_subnet_ids",
                    "depends_on": [
                        "aws_subnet.public",
                        "aws_vpc.demo"
                    ],
                    "primary": {
                        "id": "vpc-0cc31cb0fd38411a2",
                        "attributes": {
                            "id": "vpc-0cc31cb0fd38411a2",
                            "ids.#": "6",
                            "ids.1040252156": "subnet-08d68474574040873",
                            "ids.1201035062": "subnet-0f772627b9f19bbca",
                            "ids.1897638678": "subnet-0662add0d1aeedc58",
                            "ids.2132448653": "subnet-000a54dc44ab8e8ad",
                            "ids.3622340141": "subnet-0e68d3d3989e30329",
                            "ids.934752648": "subnet-059c99cd264748a82",
                            "vpc_id": "vpc-0cc31cb0fd38411a2"
                        },
                        "meta": {},
                        "tainted": false
                    },
                    "deposed": [],
                    "provider": "provider.aws"
                }
            },
            "depends_on": []
        }
    ]
}
