{
    "version": 3,
    "terraform_version": "0.11.13",
    "serial": 8,
    "lineage": "cde056b2-bd16-60ab-d264-edf72f6021ee",
    "modules": [
        {
            "path": [
                "root"
            ],
            "outputs": {},
            "resources": {
                "aws_cloudwatch_log_group.nginx": {
                    "type": "aws_cloudwatch_log_group",
                    "depends_on": [],
                    "primary": {
                        "id": "/ecs-demo/nginx",
                        "attributes": {
                            "arn": "arn:aws:logs:ap-southeast-1:069653090426:log-group:/ecs-demo/nginx:*",
                            "id": "/ecs-demo/nginx",
                            "kms_key_id": "",
                            "name": "/ecs-demo/nginx",
                            "retention_in_days": "0",
                            "tags.%": "0"
                        },
                        "meta": {},
                        "tainted": false
                    },
                    "deposed": [],
                    "provider": "provider.aws"
                },
                "aws_ecs_cluster.demo": {
                    "type": "aws_ecs_cluster",
                    "depends_on": [],
                    "primary": {
                        "id": "arn:aws:ecs:ap-southeast-1:069653090426:cluster/demo",
                        "attributes": {
                            "arn": "arn:aws:ecs:ap-southeast-1:069653090426:cluster/demo",
                            "id": "arn:aws:ecs:ap-southeast-1:069653090426:cluster/demo",
                            "name": "demo",
                            "tags.%": "0"
                        },
                        "meta": {},
                        "tainted": false
                    },
                    "deposed": [],
                    "provider": "provider.aws"
                },
                "aws_ecs_task_definition.nginx": {
                    "type": "aws_ecs_task_definition",
                    "depends_on": [],
                    "primary": {
                        "id": "nginx",
                        "attributes": {
                            "arn": "arn:aws:ecs:ap-southeast-1:069653090426:task-definition/nginx:1",
                            "container_definitions": "[{\"cpu\":256,\"environment\":[],\"essential\":true,\"image\":\"nginx:latest\",\"logConfiguration\":{\"logDriver\":\"awslogs\",\"options\":{\"awslogs-group\":\"/ecs-demo/nginx\",\"awslogs-region\":\"eu-west-2\",\"awslogs-stream-prefix\":\"ecs\"}},\"memory\":300,\"mountPoints\":[],\"name\":\"nginx\",\"portMappings\":[{\"containerPort\":80,\"hostPort\":0,\"protocol\":\"tcp\"}],\"volumesFrom\":[]}]",
                            "cpu": "",
                            "execution_role_arn": "",
                            "family": "nginx",
                            "id": "nginx",
                            "memory": "",
                            "network_mode": "",
                            "placement_constraints.#": "0",
                            "requires_compatibilities.#": "0",
                            "revision": "1",
                            "tags.%": "0",
                            "task_role_arn": "",
                            "volume.#": "0"
                        },
                        "meta": {
                            "schema_version": "1"
                        },
                        "tainted": false
                    },
                    "deposed": [],
                    "provider": "provider.aws"
                },
                "aws_iam_instance_profile.ecs-ec2-role": {
                    "type": "aws_iam_instance_profile",
                    "depends_on": [
                        "aws_iam_role.ecs-ec2-role"
                    ],
                    "primary": {
                        "id": "ecs-ec2-role-test",
                        "attributes": {
                            "arn": "arn:aws:iam::069653090426:instance-profile/ecs-ec2-role-test",
                            "create_date": "2019-06-11T05:27:25Z",
                            "id": "ecs-ec2-role-test",
                            "name": "ecs-ec2-role-test",
                            "path": "/",
                            "role": "ecs-ec2-role-test",
                            "roles.#": "0",
                            "unique_id": "AIPARAN5F2B5DNLEUNKTE"
                        },
                        "meta": {},
                        "tainted": false
                    },
                    "deposed": [],
                    "provider": "provider.aws"
                },
                "aws_iam_role.ecs-ec2-role": {
                    "type": "aws_iam_role",
                    "depends_on": [],
                    "primary": {
                        "id": "ecs-ec2-role-test",
                        "attributes": {
                            "arn": "arn:aws:iam::069653090426:role/ecs-ec2-role-test",
                            "assume_role_policy": "{\"Version\":\"2012-10-17\",\"Statement\":[{\"Sid\":\"\",\"Effect\":\"Allow\",\"Principal\":{\"Service\":\"ec2.amazonaws.com\"},\"Action\":\"sts:AssumeRole\"}]}",
                            "create_date": "2019-06-11T05:27:22Z",
                            "description": "",
                            "force_detach_policies": "false",
                            "id": "ecs-ec2-role-test",
                            "max_session_duration": "3600",
                            "name": "ecs-ec2-role-test",
                            "path": "/",
                            "tags.%": "0",
                            "unique_id": "AROARAN5F2B5MQASJ6PXS"
                        },
                        "meta": {},
                        "tainted": false
                    },
                    "deposed": [],
                    "provider": "provider.aws"
                },
                "aws_iam_role.ecs-service-role": {
                    "type": "aws_iam_role",
                    "depends_on": [],
                    "primary": {
                        "id": "ecs-service-role-test",
                        "attributes": {
                            "arn": "arn:aws:iam::069653090426:role/ecs-service-role-test",
                            "assume_role_policy": "{\"Version\":\"2012-10-17\",\"Statement\":[{\"Sid\":\"\",\"Effect\":\"Allow\",\"Principal\":{\"Service\":\"ecs.amazonaws.com\"},\"Action\":\"sts:AssumeRole\"}]}",
                            "create_date": "2019-06-11T05:27:22Z",
                            "description": "",
                            "force_detach_policies": "false",
                            "id": "ecs-service-role-test",
                            "max_session_duration": "3600",
                            "name": "ecs-service-role-test",
                            "path": "/",
                            "tags.%": "0",
                            "unique_id": "AROARAN5F2B5NHQTTXJFY"
                        },
                        "meta": {},
                        "tainted": false
                    },
                    "deposed": [],
                    "provider": "provider.aws"
                },
                "aws_iam_role_policy.ecs-ec2-role-policy": {
                    "type": "aws_iam_role_policy",
                    "depends_on": [
                        "aws_iam_role.ecs-ec2-role"
                    ],
                    "primary": {
                        "id": "ecs-ec2-role-test:ecs-ec2-role-policy-test",
                        "attributes": {
                            "id": "ecs-ec2-role-test:ecs-ec2-role-policy-test",
                            "name": "ecs-ec2-role-policy-test",
                            "policy": "{\n    \"Version\": \"2012-10-17\",\n    \"Statement\": [\n        {\n            \"Effect\": \"Allow\",\n            \"Action\": [\n              \"ecs:CreateCluster\",\n              \"ecs:DeregisterContainerInstance\",\n              \"ecs:DiscoverPollEndpoint\",\n              \"ecs:Poll\",\n              \"ecs:RegisterContainerInstance\",\n              \"ecs:StartTelemetrySession\",\n              \"ecs:Submit*\",\n              \"ecs:StartTask\",\n              \"ecr:GetAuthorizationToken\",\n              \"ecr:BatchCheckLayerAvailability\",\n              \"ecr:GetDownloadUrlForLayer\",\n              \"ecr:BatchGetImage\",\n              \"logs:CreateLogStream\",\n              \"logs:PutLogEvents\"\n            ],\n            \"Resource\": \"*\"\n        },\n        {\n            \"Effect\": \"Allow\",\n            \"Action\": [\n                \"logs:CreateLogGroup\",\n                \"logs:CreateLogStream\",\n                \"logs:PutLogEvents\",\n                \"logs:DescribeLogStreams\"\n            ],\n            \"Resource\": [\n                \"arn:aws:logs:*:*:*\"\n            ]\n        }\n    ]\n}\n",
                            "role": "ecs-ec2-role-test"
                        },
                        "meta": {},
                        "tainted": false
                    },
                    "deposed": [],
                    "provider": "provider.aws"
                },
                "aws_iam_role_policy_attachment.ecs-service-attach": {
                    "type": "aws_iam_role_policy_attachment",
                    "depends_on": [
                        "aws_iam_role.ecs-service-role"
                    ],
                    "primary": {
                        "id": "ecs-service-role-test-20190611052725304700000001",
                        "attributes": {
                            "id": "ecs-service-role-test-20190611052725304700000001",
                            "policy_arn": "arn:aws:iam::aws:policy/service-role/AmazonEC2ContainerServiceRole",
                            "role": "ecs-service-role-test"
                        },
                        "meta": {},
                        "tainted": false
                    },
                    "deposed": [],
                    "provider": "provider.aws"
                },
                "aws_internet_gateway.demo-gw": {
                    "type": "aws_internet_gateway",
                    "depends_on": [
                        "aws_vpc.demo-tf"
                    ],
                    "primary": {
                        "id": "igw-0d683a11ea96deaa0",
                        "attributes": {
                            "id": "igw-0d683a11ea96deaa0",
                            "owner_id": "069653090426",
                            "tags.%": "1",
                            "tags.Name": "demo-IG",
                            "vpc_id": "vpc-0dc276c40a951eca1"
                        },
                        "meta": {},
                        "tainted": false
                    },
                    "deposed": [],
                    "provider": "provider.aws"
                },
                "aws_launch_configuration.demo-cluster-lc": {
                    "type": "aws_launch_configuration",
                    "depends_on": [
                        "aws_iam_instance_profile.ecs-ec2-role",
                        "aws_security_group.instance_sg",
                        "data.aws_ami.latest_ecs",
                        "data.template_file.ecs-cluster"
                    ],
                    "primary": {
                        "id": "demo-cluster-lc20190611052738443800000002",
                        "attributes": {
                            "associate_public_ip_address": "true",
                            "ebs_block_device.#": "0",
                            "ebs_optimized": "false",
                            "enable_monitoring": "true",
                            "ephemeral_block_device.#": "0",
                            "iam_instance_profile": "ecs-ec2-role-test",
                            "id": "demo-cluster-lc20190611052738443800000002",
                            "image_id": "ami-0e824b06f84f8707d",
                            "instance_type": "t2.small",
                            "key_name": "",
                            "name": "demo-cluster-lc20190611052738443800000002",
                            "name_prefix": "demo-cluster-lc",
                            "root_block_device.#": "0",
                            "security_groups.#": "1",
                            "security_groups.1386307477": "sg-0236bd66f592a2a29",
                            "spot_price": "",
                            "user_data": "ec15f416c03c993ca0a1229d5fe0b11457b7dd12",
                            "vpc_classic_link_id": "",
                            "vpc_classic_link_security_groups.#": "0"
                        },
                        "meta": {},
                        "tainted": false
                    },
                    "deposed": [],
                    "provider": "provider.aws"
                },
                "aws_route_table.demo-public": {
                    "type": "aws_route_table",
                    "depends_on": [
                        "aws_internet_gateway.demo-gw",
                        "aws_vpc.demo-tf"
                    ],
                    "primary": {
                        "id": "rtb-0165875f30f20a937",
                        "attributes": {
                            "id": "rtb-0165875f30f20a937",
                            "owner_id": "069653090426",
                            "propagating_vgws.#": "0",
                            "route.#": "1",
                            "route.2869421617.cidr_block": "0.0.0.0/0",
                            "route.2869421617.egress_only_gateway_id": "",
                            "route.2869421617.gateway_id": "igw-0d683a11ea96deaa0",
                            "route.2869421617.instance_id": "",
                            "route.2869421617.ipv6_cidr_block": "",
                            "route.2869421617.nat_gateway_id": "",
                            "route.2869421617.network_interface_id": "",
                            "route.2869421617.transit_gateway_id": "",
                            "route.2869421617.vpc_peering_connection_id": "",
                            "tags.%": "1",
                            "tags.Name": "demo-public-1",
                            "vpc_id": "vpc-0dc276c40a951eca1"
                        },
                        "meta": {},
                        "tainted": false
                    },
                    "deposed": [],
                    "provider": "provider.aws"
                },
                "aws_security_group.instance_sg": {
                    "type": "aws_security_group",
                    "depends_on": [
                        "aws_security_group.lb_sg",
                        "aws_vpc.demo-tf"
                    ],
                    "primary": {
                        "id": "sg-0236bd66f592a2a29",
                        "attributes": {
                            "arn": "arn:aws:ec2:ap-southeast-1:069653090426:security-group/sg-0236bd66f592a2a29",
                            "description": "controls direct access to application instances",
                            "egress.#": "1",
                            "egress.482069346.cidr_blocks.#": "1",
                            "egress.482069346.cidr_blocks.0": "0.0.0.0/0",
                            "egress.482069346.description": "",
                            "egress.482069346.from_port": "0",
                            "egress.482069346.ipv6_cidr_blocks.#": "0",
                            "egress.482069346.prefix_list_ids.#": "0",
                            "egress.482069346.protocol": "-1",
                            "egress.482069346.security_groups.#": "0",
                            "egress.482069346.self": "false",
                            "egress.482069346.to_port": "0",
                            "id": "sg-0236bd66f592a2a29",
                            "ingress.#": "1",
                            "ingress.1705705314.cidr_blocks.#": "0",
                            "ingress.1705705314.description": "Access from ALB",
                            "ingress.1705705314.from_port": "32768",
                            "ingress.1705705314.ipv6_cidr_blocks.#": "0",
                            "ingress.1705705314.prefix_list_ids.#": "0",
                            "ingress.1705705314.protocol": "tcp",
                            "ingress.1705705314.security_groups.#": "1",
                            "ingress.1705705314.security_groups.269079041": "sg-04ffa042b51917f49",
                            "ingress.1705705314.self": "false",
                            "ingress.1705705314.to_port": "65535",
                            "name": "application-instances-sg",
                            "owner_id": "069653090426",
                            "revoke_rules_on_delete": "false",
                            "tags.%": "0",
                            "vpc_id": "vpc-0dc276c40a951eca1"
                        },
                        "meta": {
                            "e2bfb730-ecaa-11e6-8f88-34363bc7c4c0": {
                                "create": 600000000000,
                                "delete": 600000000000
                            },
                            "schema_version": "1"
                        },
                        "tainted": false
                    },
                    "deposed": [],
                    "provider": "provider.aws"
                },
                "aws_security_group.lb_sg": {
                    "type": "aws_security_group",
                    "depends_on": [
                        "aws_vpc.demo-tf"
                    ],
                    "primary": {
                        "id": "sg-04ffa042b51917f49",
                        "attributes": {
                            "arn": "arn:aws:ec2:ap-southeast-1:069653090426:security-group/sg-04ffa042b51917f49",
                            "description": "controls access to the application ELB",
                            "egress.#": "1",
                            "egress.482069346.cidr_blocks.#": "1",
                            "egress.482069346.cidr_blocks.0": "0.0.0.0/0",
                            "egress.482069346.description": "",
                            "egress.482069346.from_port": "0",
                            "egress.482069346.ipv6_cidr_blocks.#": "0",
                            "egress.482069346.prefix_list_ids.#": "0",
                            "egress.482069346.protocol": "-1",
                            "egress.482069346.security_groups.#": "0",
                            "egress.482069346.self": "false",
                            "egress.482069346.to_port": "0",
                            "id": "sg-04ffa042b51917f49",
                            "ingress.#": "2",
                            "ingress.2214680975.cidr_blocks.#": "1",
                            "ingress.2214680975.cidr_blocks.0": "0.0.0.0/0",
                            "ingress.2214680975.description": "",
                            "ingress.2214680975.from_port": "80",
                            "ingress.2214680975.ipv6_cidr_blocks.#": "0",
                            "ingress.2214680975.prefix_list_ids.#": "0",
                            "ingress.2214680975.protocol": "tcp",
                            "ingress.2214680975.security_groups.#": "0",
                            "ingress.2214680975.self": "false",
                            "ingress.2214680975.to_port": "80",
                            "ingress.2617001939.cidr_blocks.#": "1",
                            "ingress.2617001939.cidr_blocks.0": "0.0.0.0/0",
                            "ingress.2617001939.description": "",
                            "ingress.2617001939.from_port": "443",
                            "ingress.2617001939.ipv6_cidr_blocks.#": "0",
                            "ingress.2617001939.prefix_list_ids.#": "0",
                            "ingress.2617001939.protocol": "tcp",
                            "ingress.2617001939.security_groups.#": "0",
                            "ingress.2617001939.self": "false",
                            "ingress.2617001939.to_port": "443",
                            "name": "demo-ELB",
                            "owner_id": "069653090426",
                            "revoke_rules_on_delete": "false",
                            "tags.%": "0",
                            "vpc_id": "vpc-0dc276c40a951eca1"
                        },
                        "meta": {
                            "e2bfb730-ecaa-11e6-8f88-34363bc7c4c0": {
                                "create": 600000000000,
                                "delete": 600000000000
                            },
                            "schema_version": "1"
                        },
                        "tainted": false
                    },
                    "deposed": [],
                    "provider": "provider.aws"
                },
                "aws_vpc.demo-tf": {
                    "type": "aws_vpc",
                    "depends_on": [],
                    "primary": {
                        "id": "vpc-0dc276c40a951eca1",
                        "attributes": {
                            "arn": "arn:aws:ec2:ap-southeast-1:069653090426:vpc/vpc-0dc276c40a951eca1",
                            "assign_generated_ipv6_cidr_block": "false",
                            "cidr_block": "172.21.0.0/16",
                            "default_network_acl_id": "acl-0e5468cb0a652e41e",
                            "default_route_table_id": "rtb-04506401a4be5995a",
                            "default_security_group_id": "sg-099ad5a1ae912ab6a",
                            "dhcp_options_id": "dopt-081f4a56cfba7c6fc",
                            "enable_classiclink": "false",
                            "enable_classiclink_dns_support": "false",
                            "enable_dns_hostnames": "true",
                            "enable_dns_support": "true",
                            "id": "vpc-0dc276c40a951eca1",
                            "instance_tenancy": "default",
                            "ipv6_association_id": "",
                            "ipv6_cidr_block": "",
                            "main_route_table_id": "rtb-04506401a4be5995a",
                            "owner_id": "069653090426",
                            "tags.%": "1",
                            "tags.Name": "demo-terraform"
                        },
                        "meta": {
                            "schema_version": "1"
                        },
                        "tainted": false
                    },
                    "deposed": [],
                    "provider": "provider.aws"
                },
                "data.aws_ami.latest_ecs": {
                    "type": "aws_ami",
                    "depends_on": [],
                    "primary": {
                        "id": "ami-0e824b06f84f8707d",
                        "attributes": {
                            "architecture": "x86_64",
                            "block_device_mappings.#": "2",
                            "block_device_mappings.2538004115.device_name": "/dev/xvdcz",
                            "block_device_mappings.2538004115.ebs.%": "6",
                            "block_device_mappings.2538004115.ebs.delete_on_termination": "true",
                            "block_device_mappings.2538004115.ebs.encrypted": "false",
                            "block_device_mappings.2538004115.ebs.iops": "0",
                            "block_device_mappings.2538004115.ebs.snapshot_id": "",
                            "block_device_mappings.2538004115.ebs.volume_size": "22",
                            "block_device_mappings.2538004115.ebs.volume_type": "gp2",
                            "block_device_mappings.2538004115.no_device": "",
                            "block_device_mappings.2538004115.virtual_name": "",
                            "block_device_mappings.340275815.device_name": "/dev/xvda",
                            "block_device_mappings.340275815.ebs.%": "6",
                            "block_device_mappings.340275815.ebs.delete_on_termination": "true",
                            "block_device_mappings.340275815.ebs.encrypted": "false",
                            "block_device_mappings.340275815.ebs.iops": "0",
                            "block_device_mappings.340275815.ebs.snapshot_id": "snap-051cf29f922b2d9bd",
                            "block_device_mappings.340275815.ebs.volume_size": "8",
                            "block_device_mappings.340275815.ebs.volume_type": "gp2",
                            "block_device_mappings.340275815.no_device": "",
                            "block_device_mappings.340275815.virtual_name": "",
                            "creation_date": "2019-06-04T17:35:42.000Z",
                            "description": "Amazon Linux AMI 2018.03.s x86_64 ECS HVM GP2",
                            "filter.#": "2",
                            "filter.1206429088.name": "name",
                            "filter.1206429088.values.#": "1",
                            "filter.1206429088.values.0": "*amazon-ecs-optimized",
                            "filter.490168357.name": "virtualization-type",
                            "filter.490168357.values.#": "1",
                            "filter.490168357.values.0": "hvm",
                            "hypervisor": "xen",
                            "id": "ami-0e824b06f84f8707d",
                            "image_id": "ami-0e824b06f84f8707d",
                            "image_location": "amazon/amzn-ami-2018.03.s-amazon-ecs-optimized",
                            "image_owner_alias": "amazon",
                            "image_type": "machine",
                            "most_recent": "true",
                            "name": "amzn-ami-2018.03.s-amazon-ecs-optimized",
                            "owner_id": "591542846629",
                            "owners.#": "1",
                            "owners.0": "591542846629",
                            "product_codes.#": "0",
                            "public": "true",
                            "root_device_name": "/dev/xvda",
                            "root_device_type": "ebs",
                            "root_snapshot_id": "snap-051cf29f922b2d9bd",
                            "sriov_net_support": "simple",
                            "state": "available",
                            "state_reason.%": "2",
                            "state_reason.code": "UNSET",
                            "state_reason.message": "UNSET",
                            "tags.%": "0",
                            "virtualization_type": "hvm"
                        },
                        "meta": {},
                        "tainted": false
                    },
                    "deposed": [],
                    "provider": "provider.aws"
                },
                "data.template_file.ecs-cluster": {
                    "type": "template_file",
                    "depends_on": [
                        "aws_ecs_cluster.demo"
                    ],
                    "primary": {
                        "id": "27a318c733f33e34bfedb8468306843609d54cc5697ba4b0a0c2cee9ceb36208",
                        "attributes": {
                            "id": "27a318c733f33e34bfedb8468306843609d54cc5697ba4b0a0c2cee9ceb36208",
                            "rendered": "#!/bin/bash\necho ECS_CLUSTER=demo \u003e\u003e /etc/ecs/ecs.config\n",
                            "template": "#!/bin/bash\necho ECS_CLUSTER=${ecs_cluster} \u003e\u003e /etc/ecs/ecs.config\n",
                            "vars.%": "1",
                            "vars.ecs_cluster": "demo"
                        },
                        "meta": {},
                        "tainted": false
                    },
                    "deposed": [],
                    "provider": "provider.template"
                }
            },
            "depends_on": []
        }
    ]
}
